<?xml version="1.0" encoding="utf-8"?>
<Project ToolsVersion="4.0" xmlns="http://schemas.microsoft.com/developer/msbuild/2003">
  <ItemGroup>
    <ClCompile Include="Data Structures and Basic Algorithms\LV12 Object-Oriented Programming Exercises (Inheritance, Virtual Functions) Part 2\19.cpp">
      <Filter>자료구조 및 기초 알고리즘\LV12 객체지향 프로그래밍 연습%28상속, 가상함수%29</Filter>
    </ClCompile>
    <ClCompile Include="Data Structures and Basic Algorithms\LV12 Object-Oriented Programming Exercises (Inheritance, Virtual Functions) Part 2\20.cpp">
      <Filter>자료구조 및 기초 알고리즘\LV12 객체지향 프로그래밍 연습%28상속, 가상함수%29</Filter>
    </ClCompile>
    <ClCompile Include="Data Structures and Basic Algorithms\LV12 Object-Oriented Programming Exercises (Inheritance, Virtual Functions) Part 2\21.cpp">
      <Filter>자료구조 및 기초 알고리즘\LV12 객체지향 프로그래밍 연습%28상속, 가상함수%29</Filter>
    </ClCompile>
    <ClCompile Include="Data Structures and Basic Algorithms\LV12 Object-Oriented Programming Exercises (Inheritance, Virtual Functions) Part 2\22.cpp">
      <Filter>자료구조 및 기초 알고리즘\LV12 객체지향 프로그래밍 연습%28상속, 가상함수%29</Filter>
    </ClCompile>
    <ClCompile Include="Data Structures and Basic Algorithms\LV12 Object-Oriented Programming Exercises (Inheritance, Virtual Functions) Part 2\23.cpp">
      <Filter>자료구조 및 기초 알고리즘\LV12 객체지향 프로그래밍 연습%28상속, 가상함수%29</Filter>
    </ClCompile>
    <ClCompile Include="Data Structures and Basic Algorithms\LV12 Object-Oriented Programming Exercises (Inheritance, Virtual Functions) Part 2\24.cpp">
      <Filter>자료구조 및 기초 알고리즘\LV12 객체지향 프로그래밍 연습%28상속, 가상함수%29</Filter>
    </ClCompile>
    <ClCompile Include="Data Structures and Basic Algorithms\LV12 Object-Oriented Programming Exercises (Inheritance, Virtual Functions) Part 2\25.cpp">
      <Filter>자료구조 및 기초 알고리즘\LV12 객체지향 프로그래밍 연습%28상속, 가상함수%29</Filter>
    </ClCompile>
    <ClCompile Include="Data Structures and Basic Algorithms\LV12 Object-Oriented Programming Exercises (Inheritance, Virtual Functions) Part 2\1.cpp">
      <Filter>자료구조 및 기초 알고리즘\LV12 객체지향 프로그래밍 연습%28상속, 가상함수%29</Filter>
    </ClCompile>
    <ClCompile Include="Data Structures and Basic Algorithms\LV12 Object-Oriented Programming Exercises (Inheritance, Virtual Functions) Part 2\2.cpp">
      <Filter>자료구조 및 기초 알고리즘\LV12 객체지향 프로그래밍 연습%28상속, 가상함수%29</Filter>
    </ClCompile>
    <ClCompile Include="Data Structures and Basic Algorithms\LV12 Object-Oriented Programming Exercises (Inheritance, Virtual Functions) Part 2\3.cpp">
      <Filter>자료구조 및 기초 알고리즘\LV12 객체지향 프로그래밍 연습%28상속, 가상함수%29</Filter>
    </ClCompile>
    <ClCompile Include="Data Structures and Basic Algorithms\LV12 Object-Oriented Programming Exercises (Inheritance, Virtual Functions) Part 2\4.cpp">
      <Filter>자료구조 및 기초 알고리즘\LV12 객체지향 프로그래밍 연습%28상속, 가상함수%29</Filter>
    </ClCompile>
    <ClCompile Include="Data Structures and Basic Algorithms\LV12 Object-Oriented Programming Exercises (Inheritance, Virtual Functions) Part 2\5.cpp">
      <Filter>자료구조 및 기초 알고리즘\LV12 객체지향 프로그래밍 연습%28상속, 가상함수%29</Filter>
    </ClCompile>
    <ClCompile Include="Data Structures and Basic Algorithms\LV12 Object-Oriented Programming Exercises (Inheritance, Virtual Functions) Part 2\6.cpp">
      <Filter>자료구조 및 기초 알고리즘\LV12 객체지향 프로그래밍 연습%28상속, 가상함수%29</Filter>
    </ClCompile>
    <ClCompile Include="Data Structures and Basic Algorithms\LV12 Object-Oriented Programming Exercises (Inheritance, Virtual Functions) Part 2\7.cpp">
      <Filter>자료구조 및 기초 알고리즘\LV12 객체지향 프로그래밍 연습%28상속, 가상함수%29</Filter>
    </ClCompile>
    <ClCompile Include="Data Structures and Basic Algorithms\LV12 Object-Oriented Programming Exercises (Inheritance, Virtual Functions) Part 2\8.cpp">
      <Filter>자료구조 및 기초 알고리즘\LV12 객체지향 프로그래밍 연습%28상속, 가상함수%29</Filter>
    </ClCompile>
    <ClCompile Include="Data Structures and Basic Algorithms\LV12 Object-Oriented Programming Exercises (Inheritance, Virtual Functions) Part 2\9.cpp">
      <Filter>자료구조 및 기초 알고리즘\LV12 객체지향 프로그래밍 연습%28상속, 가상함수%29</Filter>
    </ClCompile>
    <ClCompile Include="Data Structures and Basic Algorithms\LV12 Object-Oriented Programming Exercises (Inheritance, Virtual Functions) Part 2\10.cpp">
      <Filter>자료구조 및 기초 알고리즘\LV12 객체지향 프로그래밍 연습%28상속, 가상함수%29</Filter>
    </ClCompile>
    <ClCompile Include="Data Structures and Basic Algorithms\LV12 Object-Oriented Programming Exercises (Inheritance, Virtual Functions) Part 2\11.cpp">
      <Filter>자료구조 및 기초 알고리즘\LV12 객체지향 프로그래밍 연습%28상속, 가상함수%29</Filter>
    </ClCompile>
    <ClCompile Include="Data Structures and Basic Algorithms\LV12 Object-Oriented Programming Exercises (Inheritance, Virtual Functions) Part 2\12.cpp">
      <Filter>자료구조 및 기초 알고리즘\LV12 객체지향 프로그래밍 연습%28상속, 가상함수%29</Filter>
    </ClCompile>
    <ClCompile Include="Data Structures and Basic Algorithms\LV12 Object-Oriented Programming Exercises (Inheritance, Virtual Functions) Part 2\13.cpp">
      <Filter>자료구조 및 기초 알고리즘\LV12 객체지향 프로그래밍 연습%28상속, 가상함수%29</Filter>
    </ClCompile>
    <ClCompile Include="Data Structures and Basic Algorithms\LV12 Object-Oriented Programming Exercises (Inheritance, Virtual Functions) Part 2\14.cpp">
      <Filter>자료구조 및 기초 알고리즘\LV12 객체지향 프로그래밍 연습%28상속, 가상함수%29</Filter>
    </ClCompile>
    <ClCompile Include="Data Structures and Basic Algorithms\LV12 Object-Oriented Programming Exercises (Inheritance, Virtual Functions) Part 2\15.cpp">
      <Filter>자료구조 및 기초 알고리즘\LV12 객체지향 프로그래밍 연습%28상속, 가상함수%29</Filter>
    </ClCompile>
    <ClCompile Include="Data Structures and Basic Algorithms\LV12 Object-Oriented Programming Exercises (Inheritance, Virtual Functions) Part 2\16.cpp">
      <Filter>자료구조 및 기초 알고리즘\LV12 객체지향 프로그래밍 연습%28상속, 가상함수%29</Filter>
    </ClCompile>
    <ClCompile Include="Data Structures and Basic Algorithms\LV12 Object-Oriented Programming Exercises (Inheritance, Virtual Functions) Part 2\17.cpp">
      <Filter>자료구조 및 기초 알고리즘\LV12 객체지향 프로그래밍 연습%28상속, 가상함수%29</Filter>
    </ClCompile>
    <ClCompile Include="Data Structures and Basic Algorithms\LV12 Object-Oriented Programming Exercises (Inheritance, Virtual Functions) Part 2\18.cpp">
      <Filter>자료구조 및 기초 알고리즘\LV12 객체지향 프로그래밍 연습%28상속, 가상함수%29</Filter>
    </ClCompile>
    <ClCompile Include="Data Structures and Basic Algorithms\LV10 Pruning Recursive Functions\4.cpp">
      <Filter>자료구조 및 기초 알고리즘\LV10 재귀함수 가지치기</Filter>
    </ClCompile>
    <ClCompile Include="Data Structures and Basic Algorithms\LV10 Pruning Recursive Functions\5.cpp">
      <Filter>자료구조 및 기초 알고리즘\LV10 재귀함수 가지치기</Filter>
    </ClCompile>
    <ClCompile Include="Data Structures and Basic Algorithms\LV10 Pruning Recursive Functions\6.cpp">
      <Filter>자료구조 및 기초 알고리즘\LV10 재귀함수 가지치기</Filter>
    </ClCompile>
    <ClCompile Include="Data Structures and Basic Algorithms\LV10 Pruning Recursive Functions\7.cpp">
      <Filter>자료구조 및 기초 알고리즘\LV10 재귀함수 가지치기</Filter>
    </ClCompile>
    <ClCompile Include="Data Structures and Basic Algorithms\LV10 Pruning Recursive Functions\8.cpp">
      <Filter>자료구조 및 기초 알고리즘\LV10 재귀함수 가지치기</Filter>
    </ClCompile>
    <ClCompile Include="Data Structures and Basic Algorithms\LV10 Pruning Recursive Functions\9.cpp">
      <Filter>자료구조 및 기초 알고리즘\LV10 재귀함수 가지치기</Filter>
    </ClCompile>
    <ClCompile Include="Data Structures and Basic Algorithms\LV10 Pruning Recursive Functions\10.cpp">
      <Filter>자료구조 및 기초 알고리즘\LV10 재귀함수 가지치기</Filter>
    </ClCompile>
    <ClCompile Include="Data Structures and Basic Algorithms\LV10 Pruning Recursive Functions\11.cpp">
      <Filter>자료구조 및 기초 알고리즘\LV10 재귀함수 가지치기</Filter>
    </ClCompile>
    <ClCompile Include="Data Structures and Basic Algorithms\LV10 Pruning Recursive Functions\12.cpp">
      <Filter>자료구조 및 기초 알고리즘\LV10 재귀함수 가지치기</Filter>
    </ClCompile>
    <ClCompile Include="Data Structures and Basic Algorithms\LV10 Pruning Recursive Functions\1.cpp">
      <Filter>자료구조 및 기초 알고리즘\LV10 재귀함수 가지치기</Filter>
    </ClCompile>
    <ClCompile Include="Data Structures and Basic Algorithms\LV10 Pruning Recursive Functions\2.cpp">
      <Filter>자료구조 및 기초 알고리즘\LV10 재귀함수 가지치기</Filter>
    </ClCompile>
    <ClCompile Include="Data Structures and Basic Algorithms\LV10 Pruning Recursive Functions\3.cpp">
      <Filter>자료구조 및 기초 알고리즘\LV10 재귀함수 가지치기</Filter>
    </ClCompile>
    <ClCompile Include="Data Structures and Basic Algorithms\LV11 Object-Oriented Programming Exercises (Inheritance, Virtual Functions) Part 1\1.cpp">
      <Filter>자료구조 및 기초 알고리즘\LV11 객체지향 프로그래밍 연습%28상속, 가상함수%29</Filter>
    </ClCompile>
    <ClCompile Include="Data Structures and Basic Algorithms\LV11 Object-Oriented Programming Exercises (Inheritance, Virtual Functions) Part 1\2.cpp">
      <Filter>자료구조 및 기초 알고리즘\LV11 객체지향 프로그래밍 연습%28상속, 가상함수%29</Filter>
    </ClCompile>
    <ClCompile Include="Data Structures and Basic Algorithms\LV11 Object-Oriented Programming Exercises (Inheritance, Virtual Functions) Part 1\3.cpp">
      <Filter>자료구조 및 기초 알고리즘\LV11 객체지향 프로그래밍 연습%28상속, 가상함수%29</Filter>
    </ClCompile>
    <ClCompile Include="Data Structures and Basic Algorithms\LV11 Object-Oriented Programming Exercises (Inheritance, Virtual Functions) Part 1\4.cpp">
      <Filter>자료구조 및 기초 알고리즘\LV11 객체지향 프로그래밍 연습%28상속, 가상함수%29</Filter>
    </ClCompile>
    <ClCompile Include="Data Structures and Basic Algorithms\LV11 Object-Oriented Programming Exercises (Inheritance, Virtual Functions) Part 1\5.cpp">
      <Filter>자료구조 및 기초 알고리즘\LV11 객체지향 프로그래밍 연습%28상속, 가상함수%29</Filter>
    </ClCompile>
    <ClCompile Include="Data Structures and Basic Algorithms\LV11 Object-Oriented Programming Exercises (Inheritance, Virtual Functions) Part 1\6.cpp">
      <Filter>자료구조 및 기초 알고리즘\LV11 객체지향 프로그래밍 연습%28상속, 가상함수%29</Filter>
    </ClCompile>
    <ClCompile Include="Data Structures and Basic Algorithms\LV11 Object-Oriented Programming Exercises (Inheritance, Virtual Functions) Part 1\7.cpp">
      <Filter>자료구조 및 기초 알고리즘\LV11 객체지향 프로그래밍 연습%28상속, 가상함수%29</Filter>
    </ClCompile>
    <ClCompile Include="Data Structures and Basic Algorithms\LV11 Object-Oriented Programming Exercises (Inheritance, Virtual Functions) Part 1\8.cpp">
      <Filter>자료구조 및 기초 알고리즘\LV11 객체지향 프로그래밍 연습%28상속, 가상함수%29</Filter>
    </ClCompile>
    <ClCompile Include="Data Structures and Basic Algorithms\LV11 Object-Oriented Programming Exercises (Inheritance, Virtual Functions) Part 1\9.cpp">
      <Filter>자료구조 및 기초 알고리즘\LV11 객체지향 프로그래밍 연습%28상속, 가상함수%29</Filter>
    </ClCompile>
    <ClCompile Include="Data Structures and Basic Algorithms\LV11 Object-Oriented Programming Exercises (Inheritance, Virtual Functions) Part 1\10.cpp">
      <Filter>자료구조 및 기초 알고리즘\LV11 객체지향 프로그래밍 연습%28상속, 가상함수%29</Filter>
    </ClCompile>
    <ClCompile Include="Data Structures and Basic Algorithms\LV11 Object-Oriented Programming Exercises (Inheritance, Virtual Functions) Part 1\11.cpp">
      <Filter>자료구조 및 기초 알고리즘\LV11 객체지향 프로그래밍 연습%28상속, 가상함수%29</Filter>
    </ClCompile>
    <ClCompile Include="Data Structures and Basic Algorithms\LV11 Object-Oriented Programming Exercises (Inheritance, Virtual Functions) Part 1\12.cpp">
      <Filter>자료구조 및 기초 알고리즘\LV11 객체지향 프로그래밍 연습%28상속, 가상함수%29</Filter>
    </ClCompile>
    <ClCompile Include="Data Structures and Basic Algorithms\LV11 Object-Oriented Programming Exercises (Inheritance, Virtual Functions) Part 1\13.cpp">
      <Filter>자료구조 및 기초 알고리즘\LV11 객체지향 프로그래밍 연습%28상속, 가상함수%29</Filter>
    </ClCompile>
    <ClCompile Include="Data Structures and Basic Algorithms\LV11 Object-Oriented Programming Exercises (Inheritance, Virtual Functions) Part 1\14.cpp">
      <Filter>자료구조 및 기초 알고리즘\LV11 객체지향 프로그래밍 연습%28상속, 가상함수%29</Filter>
    </ClCompile>
    <ClCompile Include="Data Structures and Basic Algorithms\LV11 Object-Oriented Programming Exercises (Inheritance, Virtual Functions) Part 1\15.cpp">
      <Filter>자료구조 및 기초 알고리즘\LV11 객체지향 프로그래밍 연습%28상속, 가상함수%29</Filter>
    </ClCompile>
    <ClCompile Include="Data Structures and Basic Algorithms\LV11 Object-Oriented Programming Exercises (Inheritance, Virtual Functions) Part 1\16.cpp">
      <Filter>자료구조 및 기초 알고리즘\LV11 객체지향 프로그래밍 연습%28상속, 가상함수%29</Filter>
    </ClCompile>
    <ClCompile Include="Data Structures and Basic Algorithms\LV11 Object-Oriented Programming Exercises (Inheritance, Virtual Functions) Part 1\17.cpp">
      <Filter>자료구조 및 기초 알고리즘\LV11 객체지향 프로그래밍 연습%28상속, 가상함수%29</Filter>
    </ClCompile>
    <ClCompile Include="Data Structures and Basic Algorithms\LV11 Object-Oriented Programming Exercises (Inheritance, Virtual Functions) Part 1\18.cpp">
      <Filter>자료구조 및 기초 알고리즘\LV11 객체지향 프로그래밍 연습%28상속, 가상함수%29</Filter>
    </ClCompile>
    <ClCompile Include="Data Structures and Basic Algorithms\LV11 Object-Oriented Programming Exercises (Inheritance, Virtual Functions) Part 1\19.cpp">
      <Filter>자료구조 및 기초 알고리즘\LV11 객체지향 프로그래밍 연습%28상속, 가상함수%29</Filter>
    </ClCompile>
    <ClCompile Include="Data Structures and Basic Algorithms\LV11 Object-Oriented Programming Exercises (Inheritance, Virtual Functions) Part 1\20.cpp">
      <Filter>자료구조 및 기초 알고리즘\LV11 객체지향 프로그래밍 연습%28상속, 가상함수%29</Filter>
    </ClCompile>
    <ClCompile Include="Data Structures and Basic Algorithms\LV11 Object-Oriented Programming Exercises (Inheritance, Virtual Functions) Part 1\21.cpp">
      <Filter>자료구조 및 기초 알고리즘\LV11 객체지향 프로그래밍 연습%28상속, 가상함수%29</Filter>
    </ClCompile>
    <ClCompile Include="Data Structures and Basic Algorithms\LV11 Object-Oriented Programming Exercises (Inheritance, Virtual Functions) Part 1\22.cpp">
      <Filter>자료구조 및 기초 알고리즘\LV11 객체지향 프로그래밍 연습%28상속, 가상함수%29</Filter>
    </ClCompile>
    <ClCompile Include="Data Structures and Basic Algorithms\LV11 Object-Oriented Programming Exercises (Inheritance, Virtual Functions) Part 1\23.cpp">
      <Filter>자료구조 및 기초 알고리즘\LV11 객체지향 프로그래밍 연습%28상속, 가상함수%29</Filter>
    </ClCompile>
    <ClCompile Include="Data Structures and Basic Algorithms\LV11 Object-Oriented Programming Exercises (Inheritance, Virtual Functions) Part 1\24.cpp">
      <Filter>자료구조 및 기초 알고리즘\LV11 객체지향 프로그래밍 연습%28상속, 가상함수%29</Filter>
    </ClCompile>
    <ClCompile Include="Data Structures and Basic Algorithms\LV11 Object-Oriented Programming Exercises (Inheritance, Virtual Functions) Part 1\25.cpp">
      <Filter>자료구조 및 기초 알고리즘\LV11 객체지향 프로그래밍 연습%28상속, 가상함수%29</Filter>
    </ClCompile>
    <ClCompile Include="Data Structures and Basic Algorithms\LV09 Order of Recursion\5.cpp">
      <Filter>자료구조 및 기초 알고리즘\LV09 재귀함수 탐색 순서</Filter>
    </ClCompile>
    <ClCompile Include="Data Structures and Basic Algorithms\LV09 Order of Recursion\6.cpp">
      <Filter>자료구조 및 기초 알고리즘\LV09 재귀함수 탐색 순서</Filter>
    </ClCompile>
    <ClCompile Include="Data Structures and Basic Algorithms\LV09 Order of Recursion\7.cpp">
      <Filter>자료구조 및 기초 알고리즘\LV09 재귀함수 탐색 순서</Filter>
    </ClCompile>
    <ClCompile Include="Data Structures and Basic Algorithms\LV09 Order of Recursion\8.cpp">
      <Filter>자료구조 및 기초 알고리즘\LV09 재귀함수 탐색 순서</Filter>
    </ClCompile>
    <ClCompile Include="Data Structures and Basic Algorithms\LV09 Order of Recursion\9.cpp">
      <Filter>자료구조 및 기초 알고리즘\LV09 재귀함수 탐색 순서</Filter>
    </ClCompile>
    <ClCompile Include="Data Structures and Basic Algorithms\LV09 Order of Recursion\10.cpp">
      <Filter>자료구조 및 기초 알고리즘\LV09 재귀함수 탐색 순서</Filter>
    </ClCompile>
    <ClCompile Include="Data Structures and Basic Algorithms\LV09 Order of Recursion\11.cpp">
      <Filter>자료구조 및 기초 알고리즘\LV09 재귀함수 탐색 순서</Filter>
    </ClCompile>
    <ClCompile Include="Data Structures and Basic Algorithms\LV09 Order of Recursion\12.cpp">
      <Filter>자료구조 및 기초 알고리즘\LV09 재귀함수 탐색 순서</Filter>
    </ClCompile>
    <ClCompile Include="Data Structures and Basic Algorithms\LV09 Order of Recursion\13.cpp">
      <Filter>자료구조 및 기초 알고리즘\LV09 재귀함수 탐색 순서</Filter>
    </ClCompile>
    <ClCompile Include="Data Structures and Basic Algorithms\LV09 Order of Recursion\14.cpp">
      <Filter>자료구조 및 기초 알고리즘\LV09 재귀함수 탐색 순서</Filter>
    </ClCompile>
    <ClCompile Include="Data Structures and Basic Algorithms\LV09 Order of Recursion\15.cpp">
      <Filter>자료구조 및 기초 알고리즘\LV09 재귀함수 탐색 순서</Filter>
    </ClCompile>
    <ClCompile Include="Data Structures and Basic Algorithms\LV09 Order of Recursion\16.cpp">
      <Filter>자료구조 및 기초 알고리즘\LV09 재귀함수 탐색 순서</Filter>
    </ClCompile>
    <ClCompile Include="Data Structures and Basic Algorithms\LV09 Order of Recursion\1.cpp">
      <Filter>자료구조 및 기초 알고리즘\LV09 재귀함수 탐색 순서</Filter>
    </ClCompile>
    <ClCompile Include="Data Structures and Basic Algorithms\LV09 Order of Recursion\2.cpp">
      <Filter>자료구조 및 기초 알고리즘\LV09 재귀함수 탐색 순서</Filter>
    </ClCompile>
    <ClCompile Include="Data Structures and Basic Algorithms\LV09 Order of Recursion\3.cpp">
      <Filter>자료구조 및 기초 알고리즘\LV09 재귀함수 탐색 순서</Filter>
    </ClCompile>
    <ClCompile Include="Data Structures and Basic Algorithms\LV09 Order of Recursion\4.cpp">
      <Filter>자료구조 및 기초 알고리즘\LV09 재귀함수 탐색 순서</Filter>
    </ClCompile>
    <ClCompile Include="Data Structures and Basic Algorithms\LV08 cstring, depth and breadth of recursive function calls\1.cpp">
      <Filter>자료구조 및 기초 알고리즘\LV08 cstring, 재귀함수 호출의 깊이와 너비</Filter>
    </ClCompile>
    <ClCompile Include="Data Structures and Basic Algorithms\LV08 cstring, depth and breadth of recursive function calls\2.cpp">
      <Filter>자료구조 및 기초 알고리즘\LV08 cstring, 재귀함수 호출의 깊이와 너비</Filter>
    </ClCompile>
    <ClCompile Include="Data Structures and Basic Algorithms\LV08 cstring, depth and breadth of recursive function calls\3.cpp">
      <Filter>자료구조 및 기초 알고리즘\LV08 cstring, 재귀함수 호출의 깊이와 너비</Filter>
    </ClCompile>
    <ClCompile Include="Data Structures and Basic Algorithms\LV08 cstring, depth and breadth of recursive function calls\4.cpp">
      <Filter>자료구조 및 기초 알고리즘\LV08 cstring, 재귀함수 호출의 깊이와 너비</Filter>
    </ClCompile>
    <ClCompile Include="Data Structures and Basic Algorithms\LV08 cstring, depth and breadth of recursive function calls\5.cpp">
      <Filter>자료구조 및 기초 알고리즘\LV08 cstring, 재귀함수 호출의 깊이와 너비</Filter>
    </ClCompile>
    <ClCompile Include="Data Structures and Basic Algorithms\LV08 cstring, depth and breadth of recursive function calls\6.cpp">
      <Filter>자료구조 및 기초 알고리즘\LV08 cstring, 재귀함수 호출의 깊이와 너비</Filter>
    </ClCompile>
    <ClCompile Include="Data Structures and Basic Algorithms\LV08 cstring, depth and breadth of recursive function calls\7.cpp">
      <Filter>자료구조 및 기초 알고리즘\LV08 cstring, 재귀함수 호출의 깊이와 너비</Filter>
    </ClCompile>
    <ClCompile Include="Data Structures and Basic Algorithms\LV08 cstring, depth and breadth of recursive function calls\8.cpp">
      <Filter>자료구조 및 기초 알고리즘\LV08 cstring, 재귀함수 호출의 깊이와 너비</Filter>
    </ClCompile>
    <ClCompile Include="Data Structures and Basic Algorithms\LV08 cstring, depth and breadth of recursive function calls\9.cpp">
      <Filter>자료구조 및 기초 알고리즘\LV08 cstring, 재귀함수 호출의 깊이와 너비</Filter>
    </ClCompile>
    <ClCompile Include="Data Structures and Basic Algorithms\LV08 cstring, depth and breadth of recursive function calls\10.cpp">
      <Filter>자료구조 및 기초 알고리즘\LV08 cstring, 재귀함수 호출의 깊이와 너비</Filter>
    </ClCompile>
    <ClCompile Include="Data Structures and Basic Algorithms\LV08 cstring, depth and breadth of recursive function calls\11.cpp">
      <Filter>자료구조 및 기초 알고리즘\LV08 cstring, 재귀함수 호출의 깊이와 너비</Filter>
    </ClCompile>
    <ClCompile Include="Data Structures and Basic Algorithms\LV08 cstring, depth and breadth of recursive function calls\12.cpp">
      <Filter>자료구조 및 기초 알고리즘\LV08 cstring, 재귀함수 호출의 깊이와 너비</Filter>
    </ClCompile>
    <ClCompile Include="Data Structures and Basic Algorithms\LV08 cstring, depth and breadth of recursive function calls\13.cpp">
      <Filter>자료구조 및 기초 알고리즘\LV08 cstring, 재귀함수 호출의 깊이와 너비</Filter>
    </ClCompile>
    <ClCompile Include="Data Structures and Basic Algorithms\LV08 cstring, depth and breadth of recursive function calls\14.cpp">
      <Filter>자료구조 및 기초 알고리즘\LV08 cstring, 재귀함수 호출의 깊이와 너비</Filter>
    </ClCompile>
    <ClCompile Include="Data Structures and Basic Algorithms\LV08 cstring, depth and breadth of recursive function calls\15.cpp">
      <Filter>자료구조 및 기초 알고리즘\LV08 cstring, 재귀함수 호출의 깊이와 너비</Filter>
    </ClCompile>
    <ClCompile Include="Data Structures and Basic Algorithms\LV08 cstring, depth and breadth of recursive function calls\16.cpp">
      <Filter>자료구조 및 기초 알고리즘\LV08 cstring, 재귀함수 호출의 깊이와 너비</Filter>
    </ClCompile>
    <ClCompile Include="Data Structures and Basic Algorithms\LV07 Facts and Misconceptions about Recursive Functions\17.cpp">
      <Filter>자료구조 및 기초 알고리즘\LV07 재귀_함수에_대한_사실과_오해</Filter>
    </ClCompile>
    <ClCompile Include="Data Structures and Basic Algorithms\LV07 Facts and Misconceptions about Recursive Functions\18.cpp">
      <Filter>자료구조 및 기초 알고리즘\LV07 재귀_함수에_대한_사실과_오해</Filter>
    </ClCompile>
    <ClCompile Include="Data Structures and Basic Algorithms\LV07 Facts and Misconceptions about Recursive Functions\19.cpp">
      <Filter>자료구조 및 기초 알고리즘\LV07 재귀_함수에_대한_사실과_오해</Filter>
    </ClCompile>
    <ClCompile Include="Data Structures and Basic Algorithms\LV07 Facts and Misconceptions about Recursive Functions\01.cpp">
      <Filter>자료구조 및 기초 알고리즘\LV07 재귀_함수에_대한_사실과_오해</Filter>
    </ClCompile>
    <ClCompile Include="Data Structures and Basic Algorithms\LV07 Facts and Misconceptions about Recursive Functions\02.cpp">
      <Filter>자료구조 및 기초 알고리즘\LV07 재귀_함수에_대한_사실과_오해</Filter>
    </ClCompile>
    <ClCompile Include="Data Structures and Basic Algorithms\LV07 Facts and Misconceptions about Recursive Functions\3.cpp">
      <Filter>자료구조 및 기초 알고리즘\LV07 재귀_함수에_대한_사실과_오해</Filter>
    </ClCompile>
    <ClCompile Include="Data Structures and Basic Algorithms\LV07 Facts and Misconceptions about Recursive Functions\4.cpp">
      <Filter>자료구조 및 기초 알고리즘\LV07 재귀_함수에_대한_사실과_오해</Filter>
    </ClCompile>
    <ClCompile Include="Data Structures and Basic Algorithms\LV07 Facts and Misconceptions about Recursive Functions\5.cpp">
      <Filter>자료구조 및 기초 알고리즘\LV07 재귀_함수에_대한_사실과_오해</Filter>
    </ClCompile>
    <ClCompile Include="Data Structures and Basic Algorithms\LV07 Facts and Misconceptions about Recursive Functions\6.cpp">
      <Filter>자료구조 및 기초 알고리즘\LV07 재귀_함수에_대한_사실과_오해</Filter>
    </ClCompile>
    <ClCompile Include="Data Structures and Basic Algorithms\LV07 Facts and Misconceptions about Recursive Functions\7.cpp">
      <Filter>자료구조 및 기초 알고리즘\LV07 재귀_함수에_대한_사실과_오해</Filter>
    </ClCompile>
    <ClCompile Include="Data Structures and Basic Algorithms\LV07 Facts and Misconceptions about Recursive Functions\8.cpp">
      <Filter>자료구조 및 기초 알고리즘\LV07 재귀_함수에_대한_사실과_오해</Filter>
    </ClCompile>
    <ClCompile Include="Data Structures and Basic Algorithms\LV07 Facts and Misconceptions about Recursive Functions\9.cpp">
      <Filter>자료구조 및 기초 알고리즘\LV07 재귀_함수에_대한_사실과_오해</Filter>
    </ClCompile>
    <ClCompile Include="Data Structures and Basic Algorithms\LV07 Facts and Misconceptions about Recursive Functions\10.cpp">
      <Filter>자료구조 및 기초 알고리즘\LV07 재귀_함수에_대한_사실과_오해</Filter>
    </ClCompile>
    <ClCompile Include="Data Structures and Basic Algorithms\LV07 Facts and Misconceptions about Recursive Functions\11.cpp">
      <Filter>자료구조 및 기초 알고리즘\LV07 재귀_함수에_대한_사실과_오해</Filter>
    </ClCompile>
    <ClCompile Include="Data Structures and Basic Algorithms\LV07 Facts and Misconceptions about Recursive Functions\12.cpp">
      <Filter>자료구조 및 기초 알고리즘\LV07 재귀_함수에_대한_사실과_오해</Filter>
    </ClCompile>
    <ClCompile Include="Data Structures and Basic Algorithms\LV07 Facts and Misconceptions about Recursive Functions\13.cpp">
      <Filter>자료구조 및 기초 알고리즘\LV07 재귀_함수에_대한_사실과_오해</Filter>
    </ClCompile>
    <ClCompile Include="Data Structures and Basic Algorithms\LV07 Facts and Misconceptions about Recursive Functions\14.cpp">
      <Filter>자료구조 및 기초 알고리즘\LV07 재귀_함수에_대한_사실과_오해</Filter>
    </ClCompile>
    <ClCompile Include="Data Structures and Basic Algorithms\LV07 Facts and Misconceptions about Recursive Functions\15.cpp">
      <Filter>자료구조 및 기초 알고리즘\LV07 재귀_함수에_대한_사실과_오해</Filter>
    </ClCompile>
    <ClCompile Include="Data Structures and Basic Algorithms\LV07 Facts and Misconceptions about Recursive Functions\16.cpp">
      <Filter>자료구조 및 기초 알고리즘\LV07 재귀_함수에_대한_사실과_오해</Filter>
    </ClCompile>
    <ClCompile Include="Data Structures and Basic Algorithms\LV06 Direct_Method_Double_Pointer_Two-Dimensional_Array_Pattern_Recognition\1.cpp">
      <Filter>자료구조 및 기초 알고리즘\LV06 Direct기법_2중_포인터_2차원_배열_패턴찾기</Filter>
    </ClCompile>
    <ClCompile Include="Data Structures and Basic Algorithms\LV06 Direct_Method_Double_Pointer_Two-Dimensional_Array_Pattern_Recognition\2.cpp">
      <Filter>자료구조 및 기초 알고리즘\LV06 Direct기법_2중_포인터_2차원_배열_패턴찾기</Filter>
    </ClCompile>
    <ClCompile Include="Data Structures and Basic Algorithms\LV06 Direct_Method_Double_Pointer_Two-Dimensional_Array_Pattern_Recognition\3.cpp">
      <Filter>자료구조 및 기초 알고리즘\LV06 Direct기법_2중_포인터_2차원_배열_패턴찾기</Filter>
    </ClCompile>
    <ClCompile Include="Data Structures and Basic Algorithms\LV06 Direct_Method_Double_Pointer_Two-Dimensional_Array_Pattern_Recognition\4.cpp">
      <Filter>자료구조 및 기초 알고리즘\LV06 Direct기법_2중_포인터_2차원_배열_패턴찾기</Filter>
    </ClCompile>
    <ClCompile Include="Data Structures and Basic Algorithms\LV06 Direct_Method_Double_Pointer_Two-Dimensional_Array_Pattern_Recognition\5.cpp">
      <Filter>자료구조 및 기초 알고리즘\LV06 Direct기법_2중_포인터_2차원_배열_패턴찾기</Filter>
    </ClCompile>
    <ClCompile Include="Data Structures and Basic Algorithms\LV06 Direct_Method_Double_Pointer_Two-Dimensional_Array_Pattern_Recognition\6.cpp">
      <Filter>자료구조 및 기초 알고리즘\LV06 Direct기법_2중_포인터_2차원_배열_패턴찾기</Filter>
    </ClCompile>
    <ClCompile Include="Data Structures and Basic Algorithms\LV06 Direct_Method_Double_Pointer_Two-Dimensional_Array_Pattern_Recognition\7.cpp">
      <Filter>자료구조 및 기초 알고리즘\LV06 Direct기법_2중_포인터_2차원_배열_패턴찾기</Filter>
    </ClCompile>
    <ClCompile Include="Data Structures and Basic Algorithms\LV06 Direct_Method_Double_Pointer_Two-Dimensional_Array_Pattern_Recognition\8.cpp">
      <Filter>자료구조 및 기초 알고리즘\LV06 Direct기법_2중_포인터_2차원_배열_패턴찾기</Filter>
    </ClCompile>
    <ClCompile Include="Data Structures and Basic Algorithms\LV06 Direct_Method_Double_Pointer_Two-Dimensional_Array_Pattern_Recognition\9.cpp">
      <Filter>자료구조 및 기초 알고리즘\LV06 Direct기법_2중_포인터_2차원_배열_패턴찾기</Filter>
    </ClCompile>
    <ClCompile Include="Data Structures and Basic Algorithms\LV06 Direct_Method_Double_Pointer_Two-Dimensional_Array_Pattern_Recognition\10.cpp">
      <Filter>자료구조 및 기초 알고리즘\LV06 Direct기법_2중_포인터_2차원_배열_패턴찾기</Filter>
    </ClCompile>
    <ClCompile Include="Data Structures and Basic Algorithms\LV06 Direct_Method_Double_Pointer_Two-Dimensional_Array_Pattern_Recognition\11.cpp">
      <Filter>자료구조 및 기초 알고리즘\LV06 Direct기법_2중_포인터_2차원_배열_패턴찾기</Filter>
    </ClCompile>
    <ClCompile Include="Data Structures and Basic Algorithms\LV06 Direct_Method_Double_Pointer_Two-Dimensional_Array_Pattern_Recognition\12.cpp">
      <Filter>자료구조 및 기초 알고리즘\LV06 Direct기법_2중_포인터_2차원_배열_패턴찾기</Filter>
    </ClCompile>
    <ClCompile Include="Data Structures and Basic Algorithms\LV06 Direct_Method_Double_Pointer_Two-Dimensional_Array_Pattern_Recognition\13.cpp">
      <Filter>자료구조 및 기초 알고리즘\LV06 Direct기법_2중_포인터_2차원_배열_패턴찾기</Filter>
    </ClCompile>
    <ClCompile Include="Data Structures and Basic Algorithms\LV06 Direct_Method_Double_Pointer_Two-Dimensional_Array_Pattern_Recognition\14.cpp">
      <Filter>자료구조 및 기초 알고리즘\LV06 Direct기법_2중_포인터_2차원_배열_패턴찾기</Filter>
    </ClCompile>
    <ClCompile Include="Data Structures and Basic Algorithms\LV06 Direct_Method_Double_Pointer_Two-Dimensional_Array_Pattern_Recognition\15.cpp">
      <Filter>자료구조 및 기초 알고리즘\LV06 Direct기법_2중_포인터_2차원_배열_패턴찾기</Filter>
    </ClCompile>
    <ClCompile Include="Data Structures and Basic Algorithms\LV06 Direct_Method_Double_Pointer_Two-Dimensional_Array_Pattern_Recognition\16.cpp">
      <Filter>자료구조 및 기초 알고리즘\LV06 Direct기법_2중_포인터_2차원_배열_패턴찾기</Filter>
    </ClCompile>
    <ClCompile Include="Data Structures and Basic Algorithms\LV06 Direct_Method_Double_Pointer_Two-Dimensional_Array_Pattern_Recognition\17.cpp">
      <Filter>자료구조 및 기초 알고리즘\LV06 Direct기법_2중_포인터_2차원_배열_패턴찾기</Filter>
    </ClCompile>
    <ClCompile Include="Data Structures and Basic Algorithms\LV06 Direct_Method_Double_Pointer_Two-Dimensional_Array_Pattern_Recognition\18.cpp">
      <Filter>자료구조 및 기초 알고리즘\LV06 Direct기법_2중_포인터_2차원_배열_패턴찾기</Filter>
    </ClCompile>
    <ClCompile Include="Data Structures and Basic Algorithms\LV06 Direct_Method_Double_Pointer_Two-Dimensional_Array_Pattern_Recognition\19.cpp">
      <Filter>자료구조 및 기초 알고리즘\LV06 Direct기법_2중_포인터_2차원_배열_패턴찾기</Filter>
    </ClCompile>
    <ClCompile Include="Data Structures and Basic Algorithms\LV05 Direct Adressing Table, Hash Table, Spot the pattern\22.cpp">
      <Filter>자료구조 및 기초 알고리즘\LV05 Direct Adressing Table, Hash Table, 패턴찾기</Filter>
    </ClCompile>
    <ClCompile Include="Data Structures and Basic Algorithms\LV05 Direct Adressing Table, Hash Table, Spot the pattern\22Time.cpp">
      <Filter>자료구조 및 기초 알고리즘\LV05 Direct Adressing Table, Hash Table, 패턴찾기</Filter>
    </ClCompile>
    <ClCompile Include="Data Structures and Basic Algorithms\LV05 Direct Adressing Table, Hash Table, Spot the pattern\1.cpp">
      <Filter>자료구조 및 기초 알고리즘\LV05 Direct Adressing Table, Hash Table, 패턴찾기</Filter>
    </ClCompile>
    <ClCompile Include="Data Structures and Basic Algorithms\LV05 Direct Adressing Table, Hash Table, Spot the pattern\2.cpp">
      <Filter>자료구조 및 기초 알고리즘\LV05 Direct Adressing Table, Hash Table, 패턴찾기</Filter>
    </ClCompile>
    <ClCompile Include="Data Structures and Basic Algorithms\LV05 Direct Adressing Table, Hash Table, Spot the pattern\3.cpp">
      <Filter>자료구조 및 기초 알고리즘\LV05 Direct Adressing Table, Hash Table, 패턴찾기</Filter>
    </ClCompile>
    <ClCompile Include="Data Structures and Basic Algorithms\LV05 Direct Adressing Table, Hash Table, Spot the pattern\4.cpp">
      <Filter>자료구조 및 기초 알고리즘\LV05 Direct Adressing Table, Hash Table, 패턴찾기</Filter>
    </ClCompile>
    <ClCompile Include="Data Structures and Basic Algorithms\LV05 Direct Adressing Table, Hash Table, Spot the pattern\5.cpp">
      <Filter>자료구조 및 기초 알고리즘\LV05 Direct Adressing Table, Hash Table, 패턴찾기</Filter>
    </ClCompile>
    <ClCompile Include="Data Structures and Basic Algorithms\LV05 Direct Adressing Table, Hash Table, Spot the pattern\6.cpp">
      <Filter>자료구조 및 기초 알고리즘\LV05 Direct Adressing Table, Hash Table, 패턴찾기</Filter>
    </ClCompile>
    <ClCompile Include="Data Structures and Basic Algorithms\LV05 Direct Adressing Table, Hash Table, Spot the pattern\7.cpp">
      <Filter>자료구조 및 기초 알고리즘\LV05 Direct Adressing Table, Hash Table, 패턴찾기</Filter>
    </ClCompile>
    <ClCompile Include="Data Structures and Basic Algorithms\LV05 Direct Adressing Table, Hash Table, Spot the pattern\8.cpp">
      <Filter>자료구조 및 기초 알고리즘\LV05 Direct Adressing Table, Hash Table, 패턴찾기</Filter>
    </ClCompile>
    <ClCompile Include="Data Structures and Basic Algorithms\LV05 Direct Adressing Table, Hash Table, Spot the pattern\9.cpp">
      <Filter>자료구조 및 기초 알고리즘\LV05 Direct Adressing Table, Hash Table, 패턴찾기</Filter>
    </ClCompile>
    <ClCompile Include="Data Structures and Basic Algorithms\LV05 Direct Adressing Table, Hash Table, Spot the pattern\10.cpp">
      <Filter>자료구조 및 기초 알고리즘\LV05 Direct Adressing Table, Hash Table, 패턴찾기</Filter>
    </ClCompile>
    <ClCompile Include="Data Structures and Basic Algorithms\LV05 Direct Adressing Table, Hash Table, Spot the pattern\11.cpp">
      <Filter>자료구조 및 기초 알고리즘\LV05 Direct Adressing Table, Hash Table, 패턴찾기</Filter>
    </ClCompile>
    <ClCompile Include="Data Structures and Basic Algorithms\LV05 Direct Adressing Table, Hash Table, Spot the pattern\12.cpp">
      <Filter>자료구조 및 기초 알고리즘\LV05 Direct Adressing Table, Hash Table, 패턴찾기</Filter>
    </ClCompile>
    <ClCompile Include="Data Structures and Basic Algorithms\LV05 Direct Adressing Table, Hash Table, Spot the pattern\13.cpp">
      <Filter>자료구조 및 기초 알고리즘\LV05 Direct Adressing Table, Hash Table, 패턴찾기</Filter>
    </ClCompile>
    <ClCompile Include="Data Structures and Basic Algorithms\LV05 Direct Adressing Table, Hash Table, Spot the pattern\14.cpp">
      <Filter>자료구조 및 기초 알고리즘\LV05 Direct Adressing Table, Hash Table, 패턴찾기</Filter>
    </ClCompile>
    <ClCompile Include="Data Structures and Basic Algorithms\LV05 Direct Adressing Table, Hash Table, Spot the pattern\15.cpp">
      <Filter>자료구조 및 기초 알고리즘\LV05 Direct Adressing Table, Hash Table, 패턴찾기</Filter>
    </ClCompile>
    <ClCompile Include="Data Structures and Basic Algorithms\LV05 Direct Adressing Table, Hash Table, Spot the pattern\16.cpp">
      <Filter>자료구조 및 기초 알고리즘\LV05 Direct Adressing Table, Hash Table, 패턴찾기</Filter>
    </ClCompile>
    <ClCompile Include="Data Structures and Basic Algorithms\LV05 Direct Adressing Table, Hash Table, Spot the pattern\17.cpp">
      <Filter>자료구조 및 기초 알고리즘\LV05 Direct Adressing Table, Hash Table, 패턴찾기</Filter>
    </ClCompile>
    <ClCompile Include="Data Structures and Basic Algorithms\LV05 Direct Adressing Table, Hash Table, Spot the pattern\18.cpp">
      <Filter>자료구조 및 기초 알고리즘\LV05 Direct Adressing Table, Hash Table, 패턴찾기</Filter>
    </ClCompile>
    <ClCompile Include="Data Structures and Basic Algorithms\LV05 Direct Adressing Table, Hash Table, Spot the pattern\19.cpp">
      <Filter>자료구조 및 기초 알고리즘\LV05 Direct Adressing Table, Hash Table, 패턴찾기</Filter>
    </ClCompile>
    <ClCompile Include="Data Structures and Basic Algorithms\LV05 Direct Adressing Table, Hash Table, Spot the pattern\20.cpp">
      <Filter>자료구조 및 기초 알고리즘\LV05 Direct Adressing Table, Hash Table, 패턴찾기</Filter>
    </ClCompile>
    <ClCompile Include="Data Structures and Basic Algorithms\LV05 Direct Adressing Table, Hash Table, Spot the pattern\21.cpp">
      <Filter>자료구조 및 기초 알고리즘\LV05 Direct Adressing Table, Hash Table, 패턴찾기</Filter>
    </ClCompile>
    <ClCompile Include="Data Structures and Basic Algorithms\LV04 Revision of Basics (Masking, Multiple Counting, Indexing, Functions)\17.cpp">
      <Filter>자료구조 및 기초 알고리즘\LV04 기본기 복습%28마스킹, 다중카운팅, 인덱스, 함수%29</Filter>
    </ClCompile>
    <ClCompile Include="Data Structures and Basic Algorithms\LV04 Revision of Basics (Masking, Multiple Counting, Indexing, Functions)\18.cpp">
      <Filter>자료구조 및 기초 알고리즘\LV04 기본기 복습%28마스킹, 다중카운팅, 인덱스, 함수%29</Filter>
    </ClCompile>
    <ClCompile Include="Data Structures and Basic Algorithms\LV04 Revision of Basics (Masking, Multiple Counting, Indexing, Functions)\19.cpp">
      <Filter>자료구조 및 기초 알고리즘\LV04 기본기 복습%28마스킹, 다중카운팅, 인덱스, 함수%29</Filter>
    </ClCompile>
    <ClCompile Include="Data Structures and Basic Algorithms\LV04 Revision of Basics (Masking, Multiple Counting, Indexing, Functions)\20.cpp">
      <Filter>자료구조 및 기초 알고리즘\LV04 기본기 복습%28마스킹, 다중카운팅, 인덱스, 함수%29</Filter>
    </ClCompile>
    <ClCompile Include="Data Structures and Basic Algorithms\LV04 Revision of Basics (Masking, Multiple Counting, Indexing, Functions)\21.cpp">
      <Filter>자료구조 및 기초 알고리즘\LV04 기본기 복습%28마스킹, 다중카운팅, 인덱스, 함수%29</Filter>
    </ClCompile>
    <ClCompile Include="Data Structures and Basic Algorithms\LV04 Revision of Basics (Masking, Multiple Counting, Indexing, Functions)\1.cpp">
      <Filter>자료구조 및 기초 알고리즘\LV04 기본기 복습%28마스킹, 다중카운팅, 인덱스, 함수%29</Filter>
    </ClCompile>
    <ClCompile Include="Data Structures and Basic Algorithms\LV04 Revision of Basics (Masking, Multiple Counting, Indexing, Functions)\2.cpp">
      <Filter>자료구조 및 기초 알고리즘\LV04 기본기 복습%28마스킹, 다중카운팅, 인덱스, 함수%29</Filter>
    </ClCompile>
    <ClCompile Include="Data Structures and Basic Algorithms\LV04 Revision of Basics (Masking, Multiple Counting, Indexing, Functions)\3.cpp">
      <Filter>자료구조 및 기초 알고리즘\LV04 기본기 복습%28마스킹, 다중카운팅, 인덱스, 함수%29</Filter>
    </ClCompile>
    <ClCompile Include="Data Structures and Basic Algorithms\LV04 Revision of Basics (Masking, Multiple Counting, Indexing, Functions)\4.cpp">
      <Filter>자료구조 및 기초 알고리즘\LV04 기본기 복습%28마스킹, 다중카운팅, 인덱스, 함수%29</Filter>
    </ClCompile>
    <ClCompile Include="Data Structures and Basic Algorithms\LV04 Revision of Basics (Masking, Multiple Counting, Indexing, Functions)\５.cpp">
      <Filter>자료구조 및 기초 알고리즘\LV04 기본기 복습%28마스킹, 다중카운팅, 인덱스, 함수%29</Filter>
    </ClCompile>
    <ClCompile Include="Data Structures and Basic Algorithms\LV04 Revision of Basics (Masking, Multiple Counting, Indexing, Functions)\6.cpp">
      <Filter>자료구조 및 기초 알고리즘\LV04 기본기 복습%28마스킹, 다중카운팅, 인덱스, 함수%29</Filter>
    </ClCompile>
    <ClCompile Include="Data Structures and Basic Algorithms\LV04 Revision of Basics (Masking, Multiple Counting, Indexing, Functions)\7.cpp">
      <Filter>자료구조 및 기초 알고리즘\LV04 기본기 복습%28마스킹, 다중카운팅, 인덱스, 함수%29</Filter>
    </ClCompile>
    <ClCompile Include="Data Structures and Basic Algorithms\LV04 Revision of Basics (Masking, Multiple Counting, Indexing, Functions)\8.cpp">
      <Filter>자료구조 및 기초 알고리즘\LV04 기본기 복습%28마스킹, 다중카운팅, 인덱스, 함수%29</Filter>
    </ClCompile>
    <ClCompile Include="Data Structures and Basic Algorithms\LV04 Revision of Basics (Masking, Multiple Counting, Indexing, Functions)\9.cpp">
      <Filter>자료구조 및 기초 알고리즘\LV04 기본기 복습%28마스킹, 다중카운팅, 인덱스, 함수%29</Filter>
    </ClCompile>
    <ClCompile Include="Data Structures and Basic Algorithms\LV04 Revision of Basics (Masking, Multiple Counting, Indexing, Functions)\10.cpp">
      <Filter>자료구조 및 기초 알고리즘\LV04 기본기 복습%28마스킹, 다중카운팅, 인덱스, 함수%29</Filter>
    </ClCompile>
    <ClCompile Include="Data Structures and Basic Algorithms\LV04 Revision of Basics (Masking, Multiple Counting, Indexing, Functions)\11.cpp">
      <Filter>자료구조 및 기초 알고리즘\LV04 기본기 복습%28마스킹, 다중카운팅, 인덱스, 함수%29</Filter>
    </ClCompile>
    <ClCompile Include="Data Structures and Basic Algorithms\LV04 Revision of Basics (Masking, Multiple Counting, Indexing, Functions)\12.cpp">
      <Filter>자료구조 및 기초 알고리즘\LV04 기본기 복습%28마스킹, 다중카운팅, 인덱스, 함수%29</Filter>
    </ClCompile>
    <ClCompile Include="Data Structures and Basic Algorithms\LV04 Revision of Basics (Masking, Multiple Counting, Indexing, Functions)\13.cpp">
      <Filter>자료구조 및 기초 알고리즘\LV04 기본기 복습%28마스킹, 다중카운팅, 인덱스, 함수%29</Filter>
    </ClCompile>
    <ClCompile Include="Data Structures and Basic Algorithms\LV04 Revision of Basics (Masking, Multiple Counting, Indexing, Functions)\14.cpp">
      <Filter>자료구조 및 기초 알고리즘\LV04 기본기 복습%28마스킹, 다중카운팅, 인덱스, 함수%29</Filter>
    </ClCompile>
    <ClCompile Include="Data Structures and Basic Algorithms\LV04 Revision of Basics (Masking, Multiple Counting, Indexing, Functions)\15.cpp">
      <Filter>자료구조 및 기초 알고리즘\LV04 기본기 복습%28마스킹, 다중카운팅, 인덱스, 함수%29</Filter>
    </ClCompile>
    <ClCompile Include="Data Structures and Basic Algorithms\LV04 Revision of Basics (Masking, Multiple Counting, Indexing, Functions)\16.cpp">
      <Filter>자료구조 및 기초 알고리즘\LV04 기본기 복습%28마스킹, 다중카운팅, 인덱스, 함수%29</Filter>
    </ClCompile>
    <ClCompile Include="Data Structures and Basic Algorithms\LV01 The Difference Between Classes and Structures, OOP\16.cpp">
      <Filter>자료구조 및 기초 알고리즘\LV01 클래스와 구조체 차이, OOP</Filter>
    </ClCompile>
    <ClCompile Include="Data Structures and Basic Algorithms\LV01 The Difference Between Classes and Structures, OOP\17.cpp">
      <Filter>자료구조 및 기초 알고리즘\LV01 클래스와 구조체 차이, OOP</Filter>
    </ClCompile>
    <ClCompile Include="Data Structures and Basic Algorithms\LV01 The Difference Between Classes and Structures, OOP\18.cpp">
      <Filter>자료구조 및 기초 알고리즘\LV01 클래스와 구조체 차이, OOP</Filter>
    </ClCompile>
    <ClCompile Include="Data Structures and Basic Algorithms\LV01 The Difference Between Classes and Structures, OOP\19.cpp">
      <Filter>자료구조 및 기초 알고리즘\LV01 클래스와 구조체 차이, OOP</Filter>
    </ClCompile>
    <ClCompile Include="Data Structures and Basic Algorithms\LV01 The Difference Between Classes and Structures, OOP\20.cpp">
      <Filter>자료구조 및 기초 알고리즘\LV01 클래스와 구조체 차이, OOP</Filter>
    </ClCompile>
    <ClCompile Include="Data Structures and Basic Algorithms\LV01 The Difference Between Classes and Structures, OOP\1.cpp">
      <Filter>자료구조 및 기초 알고리즘\LV01 클래스와 구조체 차이, OOP</Filter>
    </ClCompile>
    <ClCompile Include="Data Structures and Basic Algorithms\LV01 The Difference Between Classes and Structures, OOP\2.cpp">
      <Filter>자료구조 및 기초 알고리즘\LV01 클래스와 구조체 차이, OOP</Filter>
    </ClCompile>
    <ClCompile Include="Data Structures and Basic Algorithms\LV01 The Difference Between Classes and Structures, OOP\3.cpp">
      <Filter>자료구조 및 기초 알고리즘\LV01 클래스와 구조체 차이, OOP</Filter>
    </ClCompile>
    <ClCompile Include="Data Structures and Basic Algorithms\LV01 The Difference Between Classes and Structures, OOP\4.cpp">
      <Filter>자료구조 및 기초 알고리즘\LV01 클래스와 구조체 차이, OOP</Filter>
    </ClCompile>
    <ClCompile Include="Data Structures and Basic Algorithms\LV01 The Difference Between Classes and Structures, OOP\5.cpp">
      <Filter>자료구조 및 기초 알고리즘\LV01 클래스와 구조체 차이, OOP</Filter>
    </ClCompile>
    <ClCompile Include="Data Structures and Basic Algorithms\LV01 The Difference Between Classes and Structures, OOP\6.cpp">
      <Filter>자료구조 및 기초 알고리즘\LV01 클래스와 구조체 차이, OOP</Filter>
    </ClCompile>
    <ClCompile Include="Data Structures and Basic Algorithms\LV01 The Difference Between Classes and Structures, OOP\7.cpp">
      <Filter>자료구조 및 기초 알고리즘\LV01 클래스와 구조체 차이, OOP</Filter>
    </ClCompile>
    <ClCompile Include="Data Structures and Basic Algorithms\LV01 The Difference Between Classes and Structures, OOP\8.cpp">
      <Filter>자료구조 및 기초 알고리즘\LV01 클래스와 구조체 차이, OOP</Filter>
    </ClCompile>
    <ClCompile Include="Data Structures and Basic Algorithms\LV01 The Difference Between Classes and Structures, OOP\9.cpp">
      <Filter>자료구조 및 기초 알고리즘\LV01 클래스와 구조체 차이, OOP</Filter>
    </ClCompile>
    <ClCompile Include="Data Structures and Basic Algorithms\LV01 The Difference Between Classes and Structures, OOP\10.cpp">
      <Filter>자료구조 및 기초 알고리즘\LV01 클래스와 구조체 차이, OOP</Filter>
    </ClCompile>
    <ClCompile Include="Data Structures and Basic Algorithms\LV01 The Difference Between Classes and Structures, OOP\11.cpp">
      <Filter>자료구조 및 기초 알고리즘\LV01 클래스와 구조체 차이, OOP</Filter>
    </ClCompile>
    <ClCompile Include="Data Structures and Basic Algorithms\LV01 The Difference Between Classes and Structures, OOP\12.cpp">
      <Filter>자료구조 및 기초 알고리즘\LV01 클래스와 구조체 차이, OOP</Filter>
    </ClCompile>
    <ClCompile Include="Data Structures and Basic Algorithms\LV01 The Difference Between Classes and Structures, OOP\13.cpp">
      <Filter>자료구조 및 기초 알고리즘\LV01 클래스와 구조체 차이, OOP</Filter>
    </ClCompile>
    <ClCompile Include="Data Structures and Basic Algorithms\LV01 The Difference Between Classes and Structures, OOP\14.cpp">
      <Filter>자료구조 및 기초 알고리즘\LV01 클래스와 구조체 차이, OOP</Filter>
    </ClCompile>
    <ClCompile Include="Data Structures and Basic Algorithms\LV01 The Difference Between Classes and Structures, OOP\15.cpp">
      <Filter>자료구조 및 기초 알고리즘\LV01 클래스와 구조체 차이, OOP</Filter>
    </ClCompile>
    <ClCompile Include="Data Structures and Basic Algorithms\LV00 Object-Oriented Programming Exercises\14.cpp">
      <Filter>자료구조 및 기초 알고리즘\LV00 객체지향 프로그래밍 연습</Filter>
    </ClCompile>
    <ClCompile Include="Data Structures and Basic Algorithms\LV00 Object-Oriented Programming Exercises\15.cpp">
      <Filter>자료구조 및 기초 알고리즘\LV00 객체지향 프로그래밍 연습</Filter>
    </ClCompile>
    <ClCompile Include="Data Structures and Basic Algorithms\LV00 Object-Oriented Programming Exercises\16.cpp">
      <Filter>자료구조 및 기초 알고리즘\LV00 객체지향 프로그래밍 연습</Filter>
    </ClCompile>
    <ClCompile Include="Data Structures and Basic Algorithms\LV00 Object-Oriented Programming Exercises\17.cpp">
      <Filter>자료구조 및 기초 알고리즘\LV00 객체지향 프로그래밍 연습</Filter>
    </ClCompile>
    <ClCompile Include="Data Structures and Basic Algorithms\LV00 Object-Oriented Programming Exercises\18.cpp">
      <Filter>자료구조 및 기초 알고리즘\LV00 객체지향 프로그래밍 연습</Filter>
    </ClCompile>
    <ClCompile Include="Data Structures and Basic Algorithms\LV00 Object-Oriented Programming Exercises\19.cpp">
      <Filter>자료구조 및 기초 알고리즘\LV00 객체지향 프로그래밍 연습</Filter>
    </ClCompile>
    <ClCompile Include="Data Structures and Basic Algorithms\LV00 Object-Oriented Programming Exercises\20.cpp">
      <Filter>자료구조 및 기초 알고리즘\LV00 객체지향 프로그래밍 연습</Filter>
    </ClCompile>
    <ClCompile Include="Data Structures and Basic Algorithms\LV00 Object-Oriented Programming Exercises\1.cpp">
      <Filter>자료구조 및 기초 알고리즘\LV00 객체지향 프로그래밍 연습</Filter>
    </ClCompile>
    <ClCompile Include="Data Structures and Basic Algorithms\LV00 Object-Oriented Programming Exercises\2.cpp">
      <Filter>자료구조 및 기초 알고리즘\LV00 객체지향 프로그래밍 연습</Filter>
    </ClCompile>
    <ClCompile Include="Data Structures and Basic Algorithms\LV00 Object-Oriented Programming Exercises\3.cpp">
      <Filter>자료구조 및 기초 알고리즘\LV00 객체지향 프로그래밍 연습</Filter>
    </ClCompile>
    <ClCompile Include="Data Structures and Basic Algorithms\LV00 Object-Oriented Programming Exercises\4.cpp">
      <Filter>자료구조 및 기초 알고리즘\LV00 객체지향 프로그래밍 연습</Filter>
    </ClCompile>
    <ClCompile Include="Data Structures and Basic Algorithms\LV00 Object-Oriented Programming Exercises\5.cpp">
      <Filter>자료구조 및 기초 알고리즘\LV00 객체지향 프로그래밍 연습</Filter>
    </ClCompile>
    <ClCompile Include="Data Structures and Basic Algorithms\LV00 Object-Oriented Programming Exercises\6.cpp">
      <Filter>자료구조 및 기초 알고리즘\LV00 객체지향 프로그래밍 연습</Filter>
    </ClCompile>
    <ClCompile Include="Data Structures and Basic Algorithms\LV00 Object-Oriented Programming Exercises\7.cpp">
      <Filter>자료구조 및 기초 알고리즘\LV00 객체지향 프로그래밍 연습</Filter>
    </ClCompile>
    <ClCompile Include="Data Structures and Basic Algorithms\LV00 Object-Oriented Programming Exercises\8.cpp">
      <Filter>자료구조 및 기초 알고리즘\LV00 객체지향 프로그래밍 연습</Filter>
    </ClCompile>
    <ClCompile Include="Data Structures and Basic Algorithms\LV00 Object-Oriented Programming Exercises\9.cpp">
      <Filter>자료구조 및 기초 알고리즘\LV00 객체지향 프로그래밍 연습</Filter>
    </ClCompile>
    <ClCompile Include="Data Structures and Basic Algorithms\LV00 Object-Oriented Programming Exercises\10.cpp">
      <Filter>자료구조 및 기초 알고리즘\LV00 객체지향 프로그래밍 연습</Filter>
    </ClCompile>
    <ClCompile Include="Data Structures and Basic Algorithms\LV00 Object-Oriented Programming Exercises\11.cpp">
      <Filter>자료구조 및 기초 알고리즘\LV00 객체지향 프로그래밍 연습</Filter>
    </ClCompile>
    <ClCompile Include="Data Structures and Basic Algorithms\LV00 Object-Oriented Programming Exercises\12.cpp">
      <Filter>자료구조 및 기초 알고리즘\LV00 객체지향 프로그래밍 연습</Filter>
    </ClCompile>
    <ClCompile Include="Data Structures and Basic Algorithms\LV00 Object-Oriented Programming Exercises\13.cpp">
      <Filter>자료구조 및 기초 알고리즘\LV00 객체지향 프로그래밍 연습</Filter>
    </ClCompile>
    <ClCompile Include="Data Structures and Basic Algorithms\3. Coding Test Specialised Problems (Backtracking)\단어검색.cpp">
      <Filter>자료구조 및 기초 알고리즘\3.코테실전문제%28백트래킹%29</Filter>
    </ClCompile>
    <ClCompile Include="Data Structures and Basic Algorithms\3. Coding Test Specialised Problems (Backtracking)\부분집합.cpp">
      <Filter>자료구조 및 기초 알고리즘\3.코테실전문제%28백트래킹%29</Filter>
    </ClCompile>
    <ClCompile Include="Data Structures and Basic Algorithms\3. Coding Test Specialised Problems (Backtracking)\순열.cpp">
      <Filter>자료구조 및 기초 알고리즘\3.코테실전문제%28백트래킹%29</Filter>
    </ClCompile>
    <ClCompile Include="Data Structures and Basic Algorithms\3. Coding Test Specialised Problems (Backtracking)\전화번호의문자조합.cpp">
      <Filter>자료구조 및 기초 알고리즘\3.코테실전문제%28백트래킹%29</Filter>
    </ClCompile>
    <ClCompile Include="Data Structures and Basic Algorithms\3. Coding Test Specialised Problems (Backtracking)\괄호생성.cpp">
      <Filter>자료구조 및 기초 알고리즘\3.코테실전문제%28백트래킹%29</Filter>
    </ClCompile>
    <ClCompile Include="Data Structures and Basic Algorithms\2. Coding Test Problems (Sorting, Searching)\MeetingRooms2.cpp">
      <Filter>자료구조 및 기초 알고리즘\2.코테실전문제%28정렬, 검색%29</Filter>
    </ClCompile>
    <ClCompile Include="Data Structures and Basic Algorithms\2. Coding Test Problems (Sorting, Searching)\MergeIntervals.cpp">
      <Filter>자료구조 및 기초 알고리즘\2.코테실전문제%28정렬, 검색%29</Filter>
    </ClCompile>
    <ClCompile Include="Data Structures and Basic Algorithms\2. Coding Test Problems (Sorting, Searching)\SearchA2DMatrix2.cpp">
      <Filter>자료구조 및 기초 알고리즘\2.코테실전문제%28정렬, 검색%29</Filter>
    </ClCompile>
    <ClCompile Include="Data Structures and Basic Algorithms\2. Coding Test Problems (Sorting, Searching)\SearchForARange.cpp">
      <Filter>자료구조 및 기초 알고리즘\2.코테실전문제%28정렬, 검색%29</Filter>
    </ClCompile>
    <ClCompile Include="Data Structures and Basic Algorithms\2. Coding Test Problems (Sorting, Searching)\SearchInRotatedSortedArray.cpp">
      <Filter>자료구조 및 기초 알고리즘\2.코테실전문제%28정렬, 검색%29</Filter>
    </ClCompile>
    <ClCompile Include="Data Structures and Basic Algorithms\2. Coding Test Problems (Sorting, Searching)\SortColors.cpp">
      <Filter>자료구조 및 기초 알고리즘\2.코테실전문제%28정렬, 검색%29</Filter>
    </ClCompile>
    <ClCompile Include="Data Structures and Basic Algorithms\2. Coding Test Problems (Sorting, Searching)\TopKFrequentElements.cpp">
      <Filter>자료구조 및 기초 알고리즘\2.코테실전문제%28정렬, 검색%29</Filter>
    </ClCompile>
    <ClCompile Include="Data Structures and Basic Algorithms\2. Coding Test Problems (Sorting, Searching)\FindPeakElement.cpp">
      <Filter>자료구조 및 기초 알고리즘\2.코테실전문제%28정렬, 검색%29</Filter>
    </ClCompile>
    <ClCompile Include="Data Structures and Basic Algorithms\2. Coding Test Problems (Sorting, Searching)\KthLargestElementInAnArray.cpp">
      <Filter>자료구조 및 기초 알고리즘\2.코테실전문제%28정렬, 검색%29</Filter>
    </ClCompile>
    <ClCompile Include="Data Structures and Basic Algorithms\1. Coding Test TPreparation Problems (Sorting, Searching)\MergeSortedArray.cpp">
      <Filter>자료구조 및 기초 알고리즘\1.코테준비문제%28정렬,검색%29</Filter>
    </ClCompile>
    <ClCompile Include="Data Structures and Basic Algorithms\1. Coding Test TPreparation Problems (Sorting, Searching)\FirstBadVersion.cpp">
      <Filter>자료구조 및 기초 알고리즘\1.코테준비문제%28정렬,검색%29</Filter>
    </ClCompile>
    <ClCompile Include="Data Structures and Basic Algorithms\LV13 Revision of Pointers, Pointer Variables to Structures\1.cpp">
      <Filter>자료구조 및 기초 알고리즘\LV13 포인터 복습, 구조체 포인터 변수</Filter>
    </ClCompile>
    <ClCompile Include="Data Structures and Basic Algorithms\LV13 Revision of Pointers, Pointer Variables to Structures\2.cpp">
      <Filter>자료구조 및 기초 알고리즘\LV13 포인터 복습, 구조체 포인터 변수</Filter>
    </ClCompile>
    <ClCompile Include="Data Structures and Basic Algorithms\LV13 Revision of Pointers, Pointer Variables to Structures\3.cpp">
      <Filter>자료구조 및 기초 알고리즘\LV13 포인터 복습, 구조체 포인터 변수</Filter>
    </ClCompile>
    <ClCompile Include="Data Structures and Basic Algorithms\LV13 Revision of Pointers, Pointer Variables to Structures\4.cpp">
      <Filter>자료구조 및 기초 알고리즘\LV13 포인터 복습, 구조체 포인터 변수</Filter>
    </ClCompile>
    <ClCompile Include="Data Structures and Basic Algorithms\LV13 Revision of Pointers, Pointer Variables to Structures\5.cpp">
      <Filter>자료구조 및 기초 알고리즘\LV13 포인터 복습, 구조체 포인터 변수</Filter>
    </ClCompile>
    <ClCompile Include="Data Structures and Basic Algorithms\LV13 Revision of Pointers, Pointer Variables to Structures\6.cpp">
      <Filter>자료구조 및 기초 알고리즘\LV13 포인터 복습, 구조체 포인터 변수</Filter>
    </ClCompile>
    <ClCompile Include="Data Structures and Basic Algorithms\LV13 Revision of Pointers, Pointer Variables to Structures\7.cpp">
      <Filter>자료구조 및 기초 알고리즘\LV13 포인터 복습, 구조체 포인터 변수</Filter>
    </ClCompile>
    <ClCompile Include="Data Structures and Basic Algorithms\LV13 Revision of Pointers, Pointer Variables to Structures\8.cpp">
      <Filter>자료구조 및 기초 알고리즘\LV13 포인터 복습, 구조체 포인터 변수</Filter>
    </ClCompile>
    <ClCompile Include="Data Structures and Basic Algorithms\LV13 Revision of Pointers, Pointer Variables to Structures\9.cpp">
      <Filter>자료구조 및 기초 알고리즘\LV13 포인터 복습, 구조체 포인터 변수</Filter>
    </ClCompile>
    <ClCompile Include="Data Structures and Basic Algorithms\LV13 Revision of Pointers, Pointer Variables to Structures\10.cpp">
      <Filter>자료구조 및 기초 알고리즘\LV13 포인터 복습, 구조체 포인터 변수</Filter>
    </ClCompile>
    <ClCompile Include="Data Structures and Basic Algorithms\LV13 Revision of Pointers, Pointer Variables to Structures\11.cpp">
      <Filter>자료구조 및 기초 알고리즘\LV13 포인터 복습, 구조체 포인터 변수</Filter>
    </ClCompile>
    <ClCompile Include="Data Structures and Basic Algorithms\LV14 Dynamic Allocation, Linked List Functions\1.cpp">
      <Filter>자료구조 및 기초 알고리즘\LV14 동적할당, 링크드리스트 함수화</Filter>
    </ClCompile>
    <ClCompile Include="Data Structures and Basic Algorithms\LV14 Dynamic Allocation, Linked List Functions\12.cpp">
      <Filter>자료구조 및 기초 알고리즘\LV14 동적할당, 링크드리스트 함수화</Filter>
    </ClCompile>
    <ClCompile Include="Data Structures and Basic Algorithms\LV14 Dynamic Allocation, Linked List Functions\2.cpp">
      <Filter>자료구조 및 기초 알고리즘\LV14 동적할당, 링크드리스트 함수화</Filter>
    </ClCompile>
    <ClCompile Include="Data Structures and Basic Algorithms\LV14 Dynamic Allocation, Linked List Functions\3.cpp">
      <Filter>자료구조 및 기초 알고리즘\LV14 동적할당, 링크드리스트 함수화</Filter>
    </ClCompile>
    <ClCompile Include="Data Structures and Basic Algorithms\LV14 Dynamic Allocation, Linked List Functions\4.cpp">
      <Filter>자료구조 및 기초 알고리즘\LV14 동적할당, 링크드리스트 함수화</Filter>
    </ClCompile>
    <ClCompile Include="Data Structures and Basic Algorithms\LV14 Dynamic Allocation, Linked List Functions\5.cpp">
      <Filter>자료구조 및 기초 알고리즘\LV14 동적할당, 링크드리스트 함수화</Filter>
    </ClCompile>
    <ClCompile Include="Data Structures and Basic Algorithms\LV14 Dynamic Allocation, Linked List Functions\6.cpp">
      <Filter>자료구조 및 기초 알고리즘\LV14 동적할당, 링크드리스트 함수화</Filter>
    </ClCompile>
    <ClCompile Include="Data Structures and Basic Algorithms\LV14 Dynamic Allocation, Linked List Functions\7.cpp">
      <Filter>자료구조 및 기초 알고리즘\LV14 동적할당, 링크드리스트 함수화</Filter>
    </ClCompile>
    <ClCompile Include="Data Structures and Basic Algorithms\LV14 Dynamic Allocation, Linked List Functions\8.cpp">
      <Filter>자료구조 및 기초 알고리즘\LV14 동적할당, 링크드리스트 함수화</Filter>
    </ClCompile>
    <ClCompile Include="Data Structures and Basic Algorithms\LV14 Dynamic Allocation, Linked List Functions\9.cpp">
      <Filter>자료구조 및 기초 알고리즘\LV14 동적할당, 링크드리스트 함수화</Filter>
    </ClCompile>
    <ClCompile Include="Data Structures and Basic Algorithms\LV14 Dynamic Allocation, Linked List Functions\10.cpp">
      <Filter>자료구조 및 기초 알고리즘\LV14 동적할당, 링크드리스트 함수화</Filter>
    </ClCompile>
    <ClCompile Include="Data Structures and Basic Algorithms\LV14 Dynamic Allocation, Linked List Functions\11.cpp">
      <Filter>자료구조 및 기초 알고리즘\LV14 동적할당, 링크드리스트 함수화</Filter>
    </ClCompile>
    <ClCompile Include="Data Structures and Basic Algorithms\LV14 Dynamic Allocation, Linked List Functions\13.cpp">
      <Filter>자료구조 및 기초 알고리즘\LV14 동적할당, 링크드리스트 함수화</Filter>
    </ClCompile>
    <ClCompile Include="15.cpp">
      <Filter>자료구조 및 기초 알고리즘\LV14 동적할당, 링크드리스트 함수화</Filter>
    </ClCompile>
    <ClCompile Include="14.cpp">
      <Filter>자료구조 및 기초 알고리즘\LV14 동적할당, 링크드리스트 함수화</Filter>
    </ClCompile>
    <ClCompile Include="Data Structures and Basic Algorithms\LV14 Dynamic Allocation, Linked List Functions\main.cpp">
      <Filter>자료구조 및 기초 알고리즘\LV14 동적할당, 링크드리스트 함수화</Filter>
    </ClCompile>
    <ClCompile Include="Data Structures and Basic Algorithms\LV14 Dynamic Allocation, Linked List Functions\listClass.cpp">
      <Filter>자료구조 및 기초 알고리즘\LV14 동적할당, 링크드리스트 함수화</Filter>
    </ClCompile>
    <ClCompile Include="Data Structures and Basic Algorithms\LV14 Dynamic Allocation, Linked List Functions\listClass2.cpp">
      <Filter>자료구조 및 기초 알고리즘\LV14 동적할당, 링크드리스트 함수화</Filter>
    </ClCompile>
    <ClCompile Include="Data Structures and Basic Algorithms\LV15 String\string2.cpp">
      <Filter>자료구조 및 기초 알고리즘\LV15 String</Filter>
    </ClCompile>
    <ClCompile Include="Data Structures and Basic Algorithms\4. Coding Test TPreparation Problems %28Linked List%29\listerase.cpp">
      <Filter>자료구조 및 기초 알고리즘\4.코테준비문제%28링크드 리스트%29</Filter>
    </ClCompile>
    <ClCompile Include="Data Structures and Basic Algorithms\4. Coding Test TPreparation Problems %28Linked List%29\RemoveNthNodeFromEndnofList.cpp">
      <Filter>자료구조 및 기초 알고리즘\4.코테준비문제%28링크드 리스트%29</Filter>
    </ClCompile>
    <ClCompile Include="Data Structures and Basic Algorithms\4. Coding Test TPreparation Problems (Linked List)\ReverseLinkedList.cpp">
      <Filter>자료구조 및 기초 알고리즘\4.코테준비문제%28링크드 리스트%29</Filter>
    </ClCompile>
    <ClCompile Include="Data Structures and Basic Algorithms\4. Coding Test TPreparation Problems (Linked List)\MergeTwoSortedLists.cpp">
      <Filter>자료구조 및 기초 알고리즘\4.코테준비문제%28링크드 리스트%29</Filter>
    </ClCompile>
    <ClCompile Include="Data Structures and Basic Algorithms\4. Coding Test TPreparation Problems (Linked List)\PalindromeLinkedList.cpp">
      <Filter>자료구조 및 기초 알고리즘\4.코테준비문제%28링크드 리스트%29</Filter>
    </ClCompile>
    <ClCompile Include="Data Structures and Basic Algorithms\4. Coding Test TPreparation Problems (Linked List)\LinkedListCycle.cpp">
      <Filter>자료구조 및 기초 알고리즘\4.코테준비문제%28링크드 리스트%29</Filter>
    </ClCompile>
    <ClCompile Include="Data Structures and Basic Algorithms\5. Coding Test Specialised Problems (Linked List)\AddTwoNumbers.cpp">
      <Filter>자료구조 및 기초 알고리즘\5.코테실전문제%28링크드 리스트%29</Filter>
    </ClCompile>
    <ClCompile Include="Data Structures and Basic Algorithms\5. Coding Test Specialised Problems (Linked List)\IntersectionofTwo.cpp">
      <Filter>자료구조 및 기초 알고리즘\5.코테실전문제%28링크드 리스트%29</Filter>
    </ClCompile>
    <ClCompile Include="Data Structures and Basic Algorithms\LV15 String\vector.cpp">
      <Filter>자료구조 및 기초 알고리즘\LV15 String</Filter>
    </ClCompile>
    <ClCompile Include="Data Structures and Basic Algorithms\5. Coding Test Specialised Problems (Linked List)\OddEvenLinkedList.cpp">
      <Filter>자료구조 및 기초 알고리즘\5.코테실전문제%28링크드 리스트%29</Filter>
    </ClCompile>
    <ClCompile Include="Data Structures and Basic Algorithms\LV16 Stack, Queue\1.cpp">
      <Filter>자료구조 및 기초 알고리즘\LV16 Stack, Queue</Filter>
    </ClCompile>
    <ClCompile Include="Data Structures and Basic Algorithms\LV16 Stack, Queue\2.cpp">
      <Filter>자료구조 및 기초 알고리즘\LV16 Stack, Queue</Filter>
    </ClCompile>
    <ClCompile Include="Data Structures and Basic Algorithms\LV16 Stack, Queue\3.cpp">
      <Filter>자료구조 및 기초 알고리즘\LV16 Stack, Queue</Filter>
    </ClCompile>
    <ClCompile Include="Data Structures and Basic Algorithms\LV16 Stack, Queue\4.cpp">
      <Filter>자료구조 및 기초 알고리즘\LV16 Stack, Queue</Filter>
    </ClCompile>
    <ClCompile Include="Data Structures and Basic Algorithms\LV16 Stack, Queue\5.cpp">
      <Filter>자료구조 및 기초 알고리즘\LV16 Stack, Queue</Filter>
    </ClCompile>
    <ClCompile Include="Data Structures and Basic Algorithms\LV16 Stack, Queue\6.cpp">
      <Filter>자료구조 및 기초 알고리즘\LV16 Stack, Queue</Filter>
    </ClCompile>
    <ClCompile Include="Data Structures and Basic Algorithms\LV16 Stack, Queue\7.cpp">
      <Filter>자료구조 및 기초 알고리즘\LV16 Stack, Queue</Filter>
    </ClCompile>
    <ClCompile Include="Data Structures and Basic Algorithms\LV16 Stack, Queue\8.cpp">
      <Filter>자료구조 및 기초 알고리즘\LV16 Stack, Queue</Filter>
    </ClCompile>
    <ClCompile Include="Data Structures and Basic Algorithms\LV16 Stack, Queue\9.cpp">
      <Filter>자료구조 및 기초 알고리즘\LV16 Stack, Queue</Filter>
    </ClCompile>
    <ClCompile Include="Data Structures and Basic Algorithms\LV16 Stack, Queue\10.cpp">
      <Filter>자료구조 및 기초 알고리즘\LV16 Stack, Queue</Filter>
    </ClCompile>
    <ClCompile Include="Data Structures and Basic Algorithms\LV16 Stack, Queue\11.cpp">
      <Filter>자료구조 및 기초 알고리즘\LV16 Stack, Queue</Filter>
    </ClCompile>
    <ClCompile Include="Data Structures and Basic Algorithms\LV16 Stack, Queue\12.cpp">
      <Filter>자료구조 및 기초 알고리즘\LV16 Stack, Queue</Filter>
    </ClCompile>
    <ClCompile Include="Data Structures and Basic Algorithms\LV16 Stack, Queue\13.cpp">
      <Filter>자료구조 및 기초 알고리즘\LV16 Stack, Queue</Filter>
    </ClCompile>
    <ClCompile Include="Data Structures and Basic Algorithms\LV17 Grap\2.cpp">
      <Filter>자료구조 및 기초 알고리즘\LV17 Grap</Filter>
    </ClCompile>
    <ClCompile Include="Data Structures and Basic Algorithms\LV17 Grap\3.cpp">
      <Filter>자료구조 및 기초 알고리즘\LV17 Grap</Filter>
    </ClCompile>
    <ClCompile Include="Data Structures and Basic Algorithms\LV17 Grap\4.cpp">
      <Filter>자료구조 및 기초 알고리즘\LV17 Grap</Filter>
    </ClCompile>
    <ClCompile Include="Data Structures and Basic Algorithms\LV17 Grap\5.cpp">
      <Filter>자료구조 및 기초 알고리즘\LV17 Grap</Filter>
    </ClCompile>
    <ClCompile Include="Data Structures and Basic Algorithms\LV17 Grap\6.cpp">
      <Filter>자료구조 및 기초 알고리즘\LV17 Grap</Filter>
    </ClCompile>
    <ClCompile Include="Data Structures and Basic Algorithms\LV17 Grap\7.cpp">
      <Filter>자료구조 및 기초 알고리즘\LV17 Grap</Filter>
    </ClCompile>
    <ClCompile Include="Data Structures and Basic Algorithms\LV17 Grap\8.cpp">
      <Filter>자료구조 및 기초 알고리즘\LV17 Grap</Filter>
    </ClCompile>
    <ClCompile Include="Data Structures and Basic Algorithms\LV17 Grap\9.cpp">
      <Filter>자료구조 및 기초 알고리즘\LV17 Grap</Filter>
    </ClCompile>
    <ClCompile Include="Data Structures and Basic Algorithms\LV17 Grap\10.cpp">
      <Filter>자료구조 및 기초 알고리즘\LV17 Grap</Filter>
    </ClCompile>
    <ClCompile Include="Data Structures and Basic Algorithms\LV17 Grap\11.cpp">
      <Filter>자료구조 및 기초 알고리즘\LV17 Grap</Filter>
    </ClCompile>
    <ClCompile Include="Data Structures and Basic Algorithms\LV17 Grap\12.cpp">
      <Filter>자료구조 및 기초 알고리즘\LV17 Grap</Filter>
    </ClCompile>
    <ClCompile Include="Data Structures and Basic Algorithms\LV17 Grap\13.cpp">
      <Filter>자료구조 및 기초 알고리즘\LV17 Grap</Filter>
    </ClCompile>
    <ClCompile Include="Data Structures and Basic Algorithms\LV17 Grap\14.cpp">
      <Filter>자료구조 및 기초 알고리즘\LV17 Grap</Filter>
    </ClCompile>
    <ClCompile Include="Data Structures and Basic Algorithms\LV17 Grap\15.cpp">
      <Filter>자료구조 및 기초 알고리즘\LV17 Grap</Filter>
    </ClCompile>
    <ClCompile Include="Data Structures and Basic Algorithms\LV17 Grap\1.cpp">
      <Filter>자료구조 및 기초 알고리즘\LV17 Grap</Filter>
    </ClCompile>
    <ClCompile Include="Data Structures and Basic Algorithms\6. Coding Test Prep String\ReverseInteger.cpp">
      <Filter>자료구조 및 기초 알고리즘\6.코테준비문제%28string%29</Filter>
    </ClCompile>
    <ClCompile Include="Data Structures and Basic Algorithms\6. Coding Test Prep String\ReverseString.cpp">
      <Filter>자료구조 및 기초 알고리즘\6.코테준비문제%28string%29</Filter>
    </ClCompile>
    <ClCompile Include="Data Structures and Basic Algorithms\6. Coding Test Prep String\LongestCommonPrefix.cpp">
      <Filter>자료구조 및 기초 알고리즘\6.코테준비문제%28string%29</Filter>
    </ClCompile>
    <ClCompile Include="Data Structures and Basic Algorithms\6. Coding Test Prep String\FirstUnuqueCharacterinaString.cpp">
      <Filter>자료구조 및 기초 알고리즘\6.코테준비문제%28string%29</Filter>
    </ClCompile>
    <ClCompile Include="Data Structures and Basic Algorithms\6. Coding Test Prep String\ValidAnagram.cpp">
      <Filter>자료구조 및 기초 알고리즘\6.코테준비문제%28string%29</Filter>
    </ClCompile>
    <ClCompile Include="Data Structures and Basic Algorithms\6. Coding Test Prep String\ValidPalindrome.cpp">
      <Filter>자료구조 및 기초 알고리즘\6.코테준비문제%28string%29</Filter>
    </ClCompile>
    <ClCompile Include="Data Structures and Basic Algorithms\6. Coding Test Prep String\MyAtoi.cpp">
      <Filter>자료구조 및 기초 알고리즘\6.코테준비문제%28string%29</Filter>
    </ClCompile>
    <ClCompile Include="Data Structures and Basic Algorithms\6. Coding Test Prep String\StrStr.cpp">
      <Filter>자료구조 및 기초 알고리즘\6.코테준비문제%28string%29</Filter>
    </ClCompile>
    <ClCompile Include="Data Structures and Basic Algorithms\7. Coding Test Prep Arrays\RemoveDuplicatesFromSortedArray.cpp">
      <Filter>자료구조 및 기초 알고리즘\7.코테준비문제%28배열%29</Filter>
    </ClCompile>
    <ClCompile Include="Data Structures and Basic Algorithms\7. Coding Test Prep Arrays\RotationArray.cpp">
      <Filter>자료구조 및 기초 알고리즘\7.코테준비문제%28배열%29</Filter>
    </ClCompile>
    <ClCompile Include="Data Structures and Basic Algorithms\7. Coding Test Prep Arrays\BestTimeToBuyAndSellStock2.cpp">
      <Filter>자료구조 및 기초 알고리즘\7.코테준비문제%28배열%29</Filter>
    </ClCompile>
    <ClCompile Include="Data Structures and Basic Algorithms\7. Coding Test Prep Arrays\RotateImageSolution.cpp">
      <Filter>자료구조 및 기초 알고리즘\7.코테준비문제%28배열%29</Filter>
    </ClCompile>
    <ClCompile Include="Data Structures and Basic Algorithms\7. Coding Test Prep Arrays\SingleNumber.cpp">
      <Filter>자료구조 및 기초 알고리즘\7.코테준비문제%28배열%29</Filter>
    </ClCompile>
    <ClCompile Include="Data Structures and Basic Algorithms\7. Coding Test Prep Arrays\IntersectionOfTwoArrays2.cpp">
      <Filter>자료구조 및 기초 알고리즘\7.코테준비문제%28배열%29</Filter>
    </ClCompile>
    <ClCompile Include="Data Structures and Basic Algorithms\7. Coding Test Prep Arrays\PlusOne.cpp">
      <Filter>자료구조 및 기초 알고리즘\7.코테준비문제%28배열%29</Filter>
    </ClCompile>
    <ClCompile Include="Data Structures and Basic Algorithms\7. Coding Test Prep Arrays\MoveZeroes.cpp">
      <Filter>자료구조 및 기초 알고리즘\7.코테준비문제%28배열%29</Filter>
    </ClCompile>
    <ClCompile Include="Data Structures and Basic Algorithms\7. Coding Test Prep Arrays\TwoSum.cpp">
      <Filter>자료구조 및 기초 알고리즘\7.코테준비문제%28배열%29</Filter>
    </ClCompile>
    <ClCompile Include="Data Structures and Basic Algorithms\7. Coding Test Prep Arrays\ValidSudoku.cpp">
      <Filter>자료구조 및 기초 알고리즘\7.코테준비문제%28배열%29</Filter>
    </ClCompile>
    <ClCompile Include="Data Structures and Basic Algorithms\LV18 DFS\14.cpp">
      <Filter>자료구조 및 기초 알고리즘\LV18 DFS</Filter>
    </ClCompile>
    <ClCompile Include="Data Structures and Basic Algorithms\LV18 DFS\1.cpp">
      <Filter>자료구조 및 기초 알고리즘\LV18 DFS</Filter>
    </ClCompile>
    <ClCompile Include="Data Structures and Basic Algorithms\LV18 DFS\2.cpp">
      <Filter>자료구조 및 기초 알고리즘\LV18 DFS</Filter>
    </ClCompile>
    <ClCompile Include="Data Structures and Basic Algorithms\LV18 DFS\3.cpp">
      <Filter>자료구조 및 기초 알고리즘\LV18 DFS</Filter>
    </ClCompile>
    <ClCompile Include="Data Structures and Basic Algorithms\LV18 DFS\4.cpp">
      <Filter>자료구조 및 기초 알고리즘\LV18 DFS</Filter>
    </ClCompile>
    <ClCompile Include="Data Structures and Basic Algorithms\LV18 DFS\5.cpp">
      <Filter>자료구조 및 기초 알고리즘\LV18 DFS</Filter>
    </ClCompile>
    <ClCompile Include="Data Structures and Basic Algorithms\LV18 DFS\6.cpp">
      <Filter>자료구조 및 기초 알고리즘\LV18 DFS</Filter>
    </ClCompile>
    <ClCompile Include="Data Structures and Basic Algorithms\LV18 DFS\7.cpp">
      <Filter>자료구조 및 기초 알고리즘\LV18 DFS</Filter>
    </ClCompile>
    <ClCompile Include="Data Structures and Basic Algorithms\LV18 DFS\8.cpp">
      <Filter>자료구조 및 기초 알고리즘\LV18 DFS</Filter>
    </ClCompile>
    <ClCompile Include="Data Structures and Basic Algorithms\LV18 DFS\9.cpp">
      <Filter>자료구조 및 기초 알고리즘\LV18 DFS</Filter>
    </ClCompile>
    <ClCompile Include="Data Structures and Basic Algorithms\LV18 DFS\10.cpp">
      <Filter>자료구조 및 기초 알고리즘\LV18 DFS</Filter>
    </ClCompile>
    <ClCompile Include="Data Structures and Basic Algorithms\LV18 DFS\11.cpp">
      <Filter>자료구조 및 기초 알고리즘\LV18 DFS</Filter>
    </ClCompile>
    <ClCompile Include="Data Structures and Basic Algorithms\LV18 DFS\12.cpp">
      <Filter>자료구조 및 기초 알고리즘\LV18 DFS</Filter>
    </ClCompile>
    <ClCompile Include="Data Structures and Basic Algorithms\LV18 DFS\13.cpp">
      <Filter>자료구조 및 기초 알고리즘\LV18 DFS</Filter>
    </ClCompile>
    <ClCompile Include="Data Structures and Basic Algorithms\LV19 BFS\1.cpp">
      <Filter>자료구조 및 기초 알고리즘\LV19 BFS</Filter>
    </ClCompile>
    <ClCompile Include="Data Structures and Basic Algorithms\LV19 BFS\2.cpp">
      <Filter>자료구조 및 기초 알고리즘\LV19 BFS</Filter>
    </ClCompile>
    <ClCompile Include="Data Structures and Basic Algorithms\LV19 BFS\4.cpp">
      <Filter>자료구조 및 기초 알고리즘\LV19 BFS</Filter>
    </ClCompile>
    <ClCompile Include="Data Structures and Basic Algorithms\LV19 BFS\5.cpp">
      <Filter>자료구조 및 기초 알고리즘\LV19 BFS</Filter>
    </ClCompile>
    <ClCompile Include="Data Structures and Basic Algorithms\LV19 BFS\6.cpp">
      <Filter>자료구조 및 기초 알고리즘\LV19 BFS</Filter>
    </ClCompile>
    <ClCompile Include="Data Structures and Basic Algorithms\LV19 BFS\7.cpp">
      <Filter>자료구조 및 기초 알고리즘\LV19 BFS</Filter>
    </ClCompile>
    <ClCompile Include="Data Structures and Basic Algorithms\LV19 BFS\8.cpp">
      <Filter>자료구조 및 기초 알고리즘\LV19 BFS</Filter>
    </ClCompile>
    <ClCompile Include="Data Structures and Basic Algorithms\LV19 BFS\9.cpp">
      <Filter>자료구조 및 기초 알고리즘\LV19 BFS</Filter>
    </ClCompile>
    <ClCompile Include="Data Structures and Basic Algorithms\LV19 BFS\10.cpp">
      <Filter>자료구조 및 기초 알고리즘\LV19 BFS</Filter>
    </ClCompile>
    <ClCompile Include="Data Structures and Basic Algorithms\LV19 BFS\11.cpp">
      <Filter>자료구조 및 기초 알고리즘\LV19 BFS</Filter>
    </ClCompile>
    <ClCompile Include="Data Structures and Basic Algorithms\LV19 BFS\12.cpp">
      <Filter>자료구조 및 기초 알고리즘\LV19 BFS</Filter>
    </ClCompile>
    <ClCompile Include="Data Structures and Basic Algorithms\LV19 BFS\13.cpp">
      <Filter>자료구조 및 기초 알고리즘\LV19 BFS</Filter>
    </ClCompile>
    <ClCompile Include="Data Structures and Basic Algorithms\LV19 BFS\14.cpp">
      <Filter>자료구조 및 기초 알고리즘\LV19 BFS</Filter>
    </ClCompile>
    <ClCompile Include="Data Structures and Basic Algorithms\LV19 BFS\15.cpp">
      <Filter>자료구조 및 기초 알고리즘\LV19 BFS</Filter>
    </ClCompile>
    <ClCompile Include="Data Structures and Basic Algorithms\LV19 BFS\16.cpp">
      <Filter>자료구조 및 기초 알고리즘\LV19 BFS</Filter>
    </ClCompile>
    <ClCompile Include="Data Structures and Basic Algorithms\LV19 BFS\17.cpp">
      <Filter>자료구조 및 기초 알고리즘\LV19 BFS</Filter>
    </ClCompile>
    <ClCompile Include="Data Structures and Basic Algorithms\8. Coding Test Arrays, Strings\3SumSolution.cpp">
      <Filter>자료구조 및 기초 알고리즘\8.코테실전문제%28Array/Strings%29</Filter>
    </ClCompile>
    <ClCompile Include="Data Structures and Basic Algorithms\8. Coding Test Arrays, Strings\SetMatrixSolution.cpp">
      <Filter>자료구조 및 기초 알고리즘\8.코테실전문제%28Array/Strings%29</Filter>
    </ClCompile>
    <ClCompile Include="Data Structures and Basic Algorithms\8. Coding Test Arrays, Strings\LongestSubstringWithoutRepeationgCharatersSolution.cpp" />
    <ClCompile Include="Data Structures and Basic Algorithms\8. Coding Test Arrays, Strings\GroupAnagramsSolution.cpp">
      <Filter>자료구조 및 기초 알고리즘\8.코테실전문제%28Array/Strings%29</Filter>
    </ClCompile>
    <ClCompile Include="Data Structures and Basic Algorithms\8. Coding Test Arrays, Strings\MissingRangesSolution.cpp" />
    <ClCompile Include="Data Structures and Basic Algorithms\8. Coding Test Arrays, Strings\CountAndSaySolution.cpp" />
    <ClCompile Include="Data Structures and Basic Algorithms\8. Coding Test Arrays, Strings\IncreasingTripletSubsequenceSolution.cpp" />
    <ClCompile Include="Data Structures and Basic Algorithms\8. Coding Test Arrays, Strings\LongestPalindromicSubstringSolutioncpp.cpp" />
    <ClCompile Include="Data Structures and Basic Algorithms\LV19 BFS\3.cpp" />
    <ClCompile Include="Data Structures and Basic Algorithms\LV20 DFS, BFS Path Search, Min Travel Cost\1.cpp">
      <Filter>자료구조 및 기초 알고리즘\LV20 DFS/BFS 경로 탐색, 최소 여행비용</Filter>
    </ClCompile>
    <ClCompile Include="Data Structures and Basic Algorithms\LV20 DFS, BFS Path Search, Min Travel Cost\2.cpp">
      <Filter>자료구조 및 기초 알고리즘\LV20 DFS/BFS 경로 탐색, 최소 여행비용</Filter>
    </ClCompile>
    <ClCompile Include="Data Structures and Basic Algorithms\LV20 DFS, BFS Path Search, Min Travel Cost\3.cpp">
      <Filter>자료구조 및 기초 알고리즘\LV20 DFS/BFS 경로 탐색, 최소 여행비용</Filter>
    </ClCompile>
    <ClCompile Include="Data Structures and Basic Algorithms\LV20 DFS, BFS Path Search, Min Travel Cost\4.cpp">
      <Filter>자료구조 및 기초 알고리즘\LV20 DFS/BFS 경로 탐색, 최소 여행비용</Filter>
    </ClCompile>
    <ClCompile Include="Data Structures and Basic Algorithms\LV20 DFS, BFS Path Search, Min Travel Cost\6.cpp">
      <Filter>자료구조 및 기초 알고리즘\LV20 DFS/BFS 경로 탐색, 최소 여행비용</Filter>
    </ClCompile>
    <ClCompile Include="Data Structures and Basic Algorithms\LV20 DFS, BFS Path Search, Min Travel Cost\7.cpp">
      <Filter>자료구조 및 기초 알고리즘\LV20 DFS/BFS 경로 탐색, 최소 여행비용</Filter>
    </ClCompile>
    <ClCompile Include="Data Structures and Basic Algorithms\LV20 DFS, BFS Path Search, Min Travel Cost\8.cpp">
      <Filter>자료구조 및 기초 알고리즘\LV20 DFS/BFS 경로 탐색, 최소 여행비용</Filter>
    </ClCompile>
    <ClCompile Include="Data Structures and Basic Algorithms\LV20 DFS, BFS Path Search, Min Travel Cost\9.cpp">
      <Filter>자료구조 및 기초 알고리즘\LV20 DFS/BFS 경로 탐색, 최소 여행비용</Filter>
    </ClCompile>
    <ClCompile Include="Data Structures and Basic Algorithms\LV20 DFS, BFS Path Search, Min Travel Cost\10.cpp">
      <Filter>자료구조 및 기초 알고리즘\LV20 DFS/BFS 경로 탐색, 최소 여행비용</Filter>
    </ClCompile>
    <ClCompile Include="Data Structures and Basic Algorithms\LV20 DFS, BFS Path Search, Min Travel Cost\11.cpp">
      <Filter>자료구조 및 기초 알고리즘\LV20 DFS/BFS 경로 탐색, 최소 여행비용</Filter>
    </ClCompile>
    <ClCompile Include="Data Structures and Basic Algorithms\LV20 DFS, BFS Path Search, Min Travel Cost\12.cpp">
      <Filter>자료구조 및 기초 알고리즘\LV20 DFS/BFS 경로 탐색, 최소 여행비용</Filter>
    </ClCompile>
    <ClCompile Include="Data Structures and Basic Algorithms\LV20 DFS, BFS Path Search, Min Travel Cost\13.cpp">
      <Filter>자료구조 및 기초 알고리즘\LV20 DFS/BFS 경로 탐색, 최소 여행비용</Filter>
    </ClCompile>
    <ClCompile Include="Data Structures and Basic Algorithms\LV20 DFS, BFS Path Search, Min Travel Cost\14.cpp">
      <Filter>자료구조 및 기초 알고리즘\LV20 DFS/BFS 경로 탐색, 최소 여행비용</Filter>
    </ClCompile>
    <ClCompile Include="Data Structures and Basic Algorithms\LV20 DFS, BFS Path Search, Min Travel Cost\15.cpp">
      <Filter>자료구조 및 기초 알고리즘\LV20 DFS/BFS 경로 탐색, 최소 여행비용</Filter>
    </ClCompile>
    <ClCompile Include="Data Structures and Basic Algorithms\LV20 DFS, BFS Path Search, Min Travel Cost\16.cpp">
      <Filter>자료구조 및 기초 알고리즘\LV20 DFS/BFS 경로 탐색, 최소 여행비용</Filter>
    </ClCompile>
    <ClCompile Include="Data Structures and Basic Algorithms\LV20 DFS, BFS Path Search, Min Travel Cost\17.cpp">
      <Filter>자료구조 및 기초 알고리즘\LV20 DFS/BFS 경로 탐색, 최소 여행비용</Filter>
    </ClCompile>
    <ClCompile Include="Data Structures and Basic Algorithms\LV20 DFS, BFS Path Search, Min Travel Cost\18.cpp">
      <Filter>자료구조 및 기초 알고리즘\LV20 DFS/BFS 경로 탐색, 최소 여행비용</Filter>
    </ClCompile>
    <ClCompile Include="Data Structures and Basic Algorithms\LV20 DFS, BFS Path Search, Min Travel Cost\19.cpp">
      <Filter>자료구조 및 기초 알고리즘\LV20 DFS/BFS 경로 탐색, 최소 여행비용</Filter>
    </ClCompile>
    <ClCompile Include="Data Structures and Basic Algorithms\LV20 DFS, BFS Path Search, Min Travel Cost\20.cpp">
      <Filter>자료구조 및 기초 알고리즘\LV20 DFS/BFS 경로 탐색, 최소 여행비용</Filter>
    </ClCompile>
    <ClCompile Include="AdvancedAlgorithmes\01 Time,Sapce Complexity\2.cpp">
      <Filter>고급알고리즘\01 Time,Sapce Complexity</Filter>
    </ClCompile>
    <ClCompile Include="AdvancedAlgorithmes\01 Time,Sapce Complexity\1.cpp">
      <Filter>고급알고리즘\01 Time,Sapce Complexity</Filter>
    </ClCompile>
    <ClCompile Include="AdvancedAlgorithmes\01 Time,Sapce Complexity\3.cpp">
      <Filter>고급알고리즘\01 Time,Sapce Complexity</Filter>
    </ClCompile>
    <ClCompile Include="AdvancedAlgorithmes\01 Time,Sapce Complexity\4.cpp">
      <Filter>고급알고리즘\01 Time,Sapce Complexity</Filter>
    </ClCompile>
    <ClCompile Include="AdvancedAlgorithmes\01 Time,Sapce Complexity\5.cpp">
      <Filter>고급알고리즘\01 Time,Sapce Complexity</Filter>
    </ClCompile>
    <ClCompile Include="AdvancedAlgorithmes\01 Time,Sapce Complexity\6.cpp">
      <Filter>고급알고리즘\01 Time,Sapce Complexity</Filter>
    </ClCompile>
    <ClCompile Include="AdvancedAlgorithmes\01 Time,Sapce Complexity\7.cpp">
      <Filter>고급알고리즘\01 Time,Sapce Complexity</Filter>
    </ClCompile>
    <ClCompile Include="AdvancedAlgorithmes\01 Time,Sapce Complexity\8.cpp">
      <Filter>고급알고리즘\01 Time,Sapce Complexity</Filter>
    </ClCompile>
    <ClCompile Include="AdvancedAlgorithmes\01 Time,Sapce Complexity\9.cpp">
      <Filter>고급알고리즘\01 Time,Sapce Complexity</Filter>
    </ClCompile>
    <ClCompile Include="AdvancedAlgorithmes\02 STL Summary\1.cpp">
      <Filter>고급알고리즘\02 STL Summary</Filter>
    </ClCompile>
    <ClCompile Include="AdvancedAlgorithmes\02 STL Summary\2.cpp">
      <Filter>고급알고리즘\02 STL Summary</Filter>
    </ClCompile>
    <ClCompile Include="AdvancedAlgorithmes\02 STL Summary\3.cpp">
      <Filter>고급알고리즘\02 STL Summary</Filter>
    </ClCompile>
    <ClCompile Include="AdvancedAlgorithmes\02 STL Summary\4.cpp">
      <Filter>고급알고리즘\02 STL Summary</Filter>
    </ClCompile>
    <ClCompile Include="AdvancedAlgorithmes\02 STL Summary\5.cpp">
      <Filter>고급알고리즘\02 STL Summary</Filter>
    </ClCompile>
    <ClCompile Include="AdvancedAlgorithmes\02 STL Summary\6.cpp">
      <Filter>고급알고리즘\02 STL Summary</Filter>
    </ClCompile>
    <ClCompile Include="AdvancedAlgorithmes\02 STL Summary\7.cpp">
      <Filter>고급알고리즘\02 STL Summary</Filter>
    </ClCompile>
    <ClCompile Include="AdvancedAlgorithmes\02 STL Summary\8.cpp">
      <Filter>고급알고리즘\02 STL Summary</Filter>
    </ClCompile>
    <ClCompile Include="AdvancedAlgorithmes\02 STL Summary\9.cpp">
      <Filter>고급알고리즘\02 STL Summary</Filter>
    </ClCompile>
    <ClCompile Include="AdvancedAlgorithmes\02 STL Summary\10.cpp">
      <Filter>고급알고리즘\02 STL Summary</Filter>
    </ClCompile>
    <ClCompile Include="AdvancedAlgorithmes\02 STL Summary\11.cpp">
      <Filter>고급알고리즘\02 STL Summary</Filter>
    </ClCompile>
    <ClCompile Include="AdvancedAlgorithmes\02 STL Summary\12.cpp">
      <Filter>고급알고리즘\02 STL Summary</Filter>
    </ClCompile>
    <ClCompile Include="AdvancedAlgorithmes\02 STL Summary\13.cpp">
      <Filter>고급알고리즘\02 STL Summary</Filter>
    </ClCompile>
    <ClCompile Include="AdvancedAlgorithmes\02 STL Summary\14.cpp">
      <Filter>고급알고리즘\02 STL Summary</Filter>
    </ClCompile>
    <ClCompile Include="AdvancedAlgorithmes\02 STL Summary\15.cpp">
      <Filter>고급알고리즘\02 STL Summary</Filter>
    </ClCompile>
    <ClCompile Include="AdvancedAlgorithmes\02 STL Summary\16.cpp">
      <Filter>고급알고리즘\02 STL Summary</Filter>
    </ClCompile>
    <ClCompile Include="AdvancedAlgorithmes\02 STL Summary\17.cpp">
      <Filter>고급알고리즘\02 STL Summary</Filter>
    </ClCompile>
    <ClCompile Include="Data Structures and Basic Algorithms\9. Coding Test Prep- Design\ShuffleAnArray.cpp">
      <Filter>자료구조 및 기초 알고리즘\9.코딩테스트 준비문제 %28설계%29 %28Coding Test Prep- Design%29</Filter>
    </ClCompile>
    <ClCompile Include="Data Structures and Basic Algorithms\9. Coding Test Prep- Design\MinStack.cpp">
      <Filter>자료구조 및 기초 알고리즘\9.코딩테스트 준비문제 %28설계%29 %28Coding Test Prep- Design%29</Filter>
    </ClCompile>
    <ClCompile Include="Data Structures and Basic Algorithms\10. Coding Test- Design\Flatten2DVector.cpp">
      <Filter>자료구조 및 기초 알고리즘\10.코딩테스트 실전 문제 %28설계%29 %28Coding Test- Design%29</Filter>
    </ClCompile>
    <ClCompile Include="Data Structures and Basic Algorithms\10. Coding Test- Design\DesignTicTacToe.cpp">
      <Filter>자료구조 및 기초 알고리즘\10.코딩테스트 실전 문제 %28설계%29 %28Coding Test- Design%29</Filter>
    </ClCompile>
    <ClCompile Include="Data Structures and Basic Algorithms\10. Coding Test- Design\SerializeAndDeserializeBinaryTree.cpp">
      <Filter>자료구조 및 기초 알고리즘\10.코딩테스트 실전 문제 %28설계%29 %28Coding Test- Design%29</Filter>
    </ClCompile>
    <ClCompile Include="Data Structures and Basic Algorithms\10. Coding Test- Design\InsertDeleteGetRandom.cpp">
      <Filter>자료구조 및 기초 알고리즘\10.코딩테스트 실전 문제 %28설계%29 %28Coding Test- Design%29</Filter>
    </ClCompile>
    <ClCompile Include="AdvancedAlgorithmes\03.BinarySearchTree,UnionFind\2.cpp">
      <Filter>고급알고리즘\03.BinarySearchTree,UnionFind</Filter>
    </ClCompile>
    <ClCompile Include="AdvancedAlgorithmes\03.BinarySearchTree,UnionFind\1.cpp">
      <Filter>고급알고리즘\03.BinarySearchTree,UnionFind</Filter>
    </ClCompile>
    <ClCompile Include="AdvancedAlgorithmes\03.BinarySearchTree,UnionFind\4.cpp">
      <Filter>고급알고리즘\03.BinarySearchTree,UnionFind</Filter>
    </ClCompile>
    <ClCompile Include="AdvancedAlgorithmes\03.BinarySearchTree,UnionFind\5.cpp">
      <Filter>고급알고리즘\03.BinarySearchTree,UnionFind</Filter>
    </ClCompile>
    <ClCompile Include="AdvancedAlgorithmes\03.BinarySearchTree,UnionFind\3.cpp">
      <Filter>고급알고리즘\03.BinarySearchTree,UnionFind</Filter>
    </ClCompile>
    <ClCompile Include="AdvancedAlgorithmes\03.BinarySearchTree,UnionFind\6.cpp">
      <Filter>고급알고리즘\03.BinarySearchTree,UnionFind</Filter>
    </ClCompile>
    <ClCompile Include="AdvancedAlgorithmes\03.BinarySearchTree,UnionFind\7.cpp">
      <Filter>고급알고리즘\03.BinarySearchTree,UnionFind</Filter>
    </ClCompile>
    <ClCompile Include="AdvancedAlgorithmes\03.BinarySearchTree,UnionFind\8.cpp">
      <Filter>고급알고리즘\03.BinarySearchTree,UnionFind</Filter>
    </ClCompile>
  </ItemGroup>
  <ItemGroup>
    <Filter Include="C++ 기초">
      <UniqueIdentifier>{00767eb3-10a1-45c3-96fb-5245917275be}</UniqueIdentifier>
    </Filter>
    <Filter Include="C++ 기초\10.11PointerTypeValue">
      <UniqueIdentifier>{e29966f3-961b-4cfe-b9c9-617a1b79d478}</UniqueIdentifier>
    </Filter>
    <Filter Include="C++ 기초\12.Strings, string length, and the use of nested for loops">
      <UniqueIdentifier>{bc94fcd9-f4ef-4718-b4d1-62b66cdb004b}</UniqueIdentifier>
    </Filter>
    <Filter Include="C++ 기초\13.포인터의 활용%28배열, 함수%29">
      <UniqueIdentifier>{60075a69-7e92-4e10-813a-696cba08616c}</UniqueIdentifier>
    </Filter>
    <Filter Include="C++ 기초\14.버블,선택 정렬">
      <UniqueIdentifier>{a8521cb6-2063-48c3-9124-1bb6496f80eb}</UniqueIdentifier>
    </Filter>
    <Filter Include="C++ 기초\15.포인터변수의원리와문자열">
      <UniqueIdentifier>{33853677-f267-4819-a49a-c529bed24ff9}</UniqueIdentifier>
    </Filter>
    <Filter Include="자료구조 및 기초 알고리즘">
      <UniqueIdentifier>{d8f3f152-3d26-4ca8-8e61-2d156f26a9b7}</UniqueIdentifier>
    </Filter>
    <Filter Include="자료구조 및 기초 알고리즘\LV01 클래스와 구조체 차이, OOP">
      <UniqueIdentifier>{25824206-b452-4060-85f1-e79136f8ab1d}</UniqueIdentifier>
    </Filter>
    <Filter Include="자료구조 및 기초 알고리즘\LV00 객체지향 프로그래밍 연습">
      <UniqueIdentifier>{54a6b9e2-5d26-4dbc-a958-1e2cc9290e6c}</UniqueIdentifier>
    </Filter>
    <Filter Include="자료구조 및 기초 알고리즘\LV13 포인터 복습, 구조체 포인터 변수">
      <UniqueIdentifier>{898af3d8-5bae-4c0b-bfac-608c25cd8894}</UniqueIdentifier>
    </Filter>
    <Filter Include="자료구조 및 기초 알고리즘\LV12 객체지향 프로그래밍 연습%28상속, 가상함수%29">
      <UniqueIdentifier>{8f14bf9c-c579-48ec-90ec-f24f0d1fd8ac}</UniqueIdentifier>
    </Filter>
    <Filter Include="자료구조 및 기초 알고리즘\LV11 객체지향 프로그래밍 연습%28상속, 가상함수%29">
      <UniqueIdentifier>{5a807e25-cd88-4098-b5ed-0adc25683303}</UniqueIdentifier>
    </Filter>
    <Filter Include="자료구조 및 기초 알고리즘\LV09 재귀함수 탐색 순서">
      <UniqueIdentifier>{832ee241-b037-41e6-9639-321702e7c3c5}</UniqueIdentifier>
    </Filter>
    <Filter Include="자료구조 및 기초 알고리즘\LV10 재귀함수 가지치기">
      <UniqueIdentifier>{3af2cdcd-b0e7-435d-813f-b7bf82546835}</UniqueIdentifier>
    </Filter>
    <Filter Include="자료구조 및 기초 알고리즘\2.코테실전문제%28정렬, 검색%29">
      <UniqueIdentifier>{29d8ee88-a19d-462e-bc65-a45d96df6a0f}</UniqueIdentifier>
    </Filter>
    <Filter Include="자료구조 및 기초 알고리즘\3.코테실전문제%28백트래킹%29">
      <UniqueIdentifier>{a7a52907-3d47-4592-9a7d-d843062c17cb}</UniqueIdentifier>
    </Filter>
    <Filter Include="자료구조 및 기초 알고리즘\LV08 cstring, 재귀함수 호출의 깊이와 너비">
      <UniqueIdentifier>{716d33e8-916c-4f62-ae17-d28fb0fd1ee0}</UniqueIdentifier>
    </Filter>
    <Filter Include="자료구조 및 기초 알고리즘\LV07 재귀_함수에_대한_사실과_오해">
      <UniqueIdentifier>{c6a7d1ee-4279-461c-bd69-9f27347fa4cb}</UniqueIdentifier>
    </Filter>
    <Filter Include="자료구조 및 기초 알고리즘\1.코테준비문제%28정렬,검색%29">
      <UniqueIdentifier>{a9bd7e6d-7e6d-47ca-9609-2ed59a43b334}</UniqueIdentifier>
    </Filter>
    <Filter Include="자료구조 및 기초 알고리즘\LV06 Direct기법_2중_포인터_2차원_배열_패턴찾기">
      <UniqueIdentifier>{e2ba5db2-6f7d-4589-a3be-d6d265cd653d}</UniqueIdentifier>
    </Filter>
    <Filter Include="자료구조 및 기초 알고리즘\LV05 Direct Adressing Table, Hash Table, 패턴찾기">
      <UniqueIdentifier>{8784fe2b-33d7-4a89-b4cb-3b684163ee82}</UniqueIdentifier>
    </Filter>
    <Filter Include="자료구조 및 기초 알고리즘\LV04 기본기 복습%28마스킹, 다중카운팅, 인덱스, 함수%29">
      <UniqueIdentifier>{ba90b53f-5373-4cdb-8d64-032e5e5f6a1e}</UniqueIdentifier>
    </Filter>
    <Filter Include="자료구조 및 기초 알고리즘\LV14 동적할당, 링크드리스트 함수화">
      <UniqueIdentifier>{0d1b98cb-f395-48fc-bf80-306aefebea4b}</UniqueIdentifier>
    </Filter>
    <Filter Include="자료구조 및 기초 알고리즘\LV15 String">
      <UniqueIdentifier>{b18736a3-abaf-40e3-9e53-919255f47c3c}</UniqueIdentifier>
    </Filter>
    <Filter Include="자료구조 및 기초 알고리즘\4.코테준비문제%28링크드 리스트%29">
      <UniqueIdentifier>{eb353a03-8202-46b0-9524-655b1c29af58}</UniqueIdentifier>
    </Filter>
    <Filter Include="자료구조 및 기초 알고리즘\5.코테실전문제%28링크드 리스트%29">
      <UniqueIdentifier>{9c24ce2a-c6c7-4a9c-8e03-854759c07238}</UniqueIdentifier>
    </Filter>
    <Filter Include="자료구조 및 기초 알고리즘\LV16 Stack, Queue">
      <UniqueIdentifier>{364c480a-d4b4-4fa3-be5f-0f7edd4b7a20}</UniqueIdentifier>
    </Filter>
    <Filter Include="자료구조 및 기초 알고리즘\LV17 Grap">
      <UniqueIdentifier>{3ddbef68-9fbd-477a-96f1-8981cfafac4e}</UniqueIdentifier>
    </Filter>
    <Filter Include="자료구조 및 기초 알고리즘\6.코테준비문제%28string%29">
      <UniqueIdentifier>{be961667-ef2c-4054-a6c6-f38420163928}</UniqueIdentifier>
    </Filter>
    <Filter Include="자료구조 및 기초 알고리즘\7.코테준비문제%28배열%29">
      <UniqueIdentifier>{cce8712b-d99a-4fd4-820c-f0f869af1eb7}</UniqueIdentifier>
    </Filter>
    <Filter Include="자료구조 및 기초 알고리즘\LV18 DFS">
      <UniqueIdentifier>{ceac3ce2-3a9a-47ff-a94b-27e78e2ebc05}</UniqueIdentifier>
    </Filter>
    <Filter Include="자료구조 및 기초 알고리즘\LV19 BFS">
      <UniqueIdentifier>{e5779544-df0f-46ce-a82f-8e3d5120e1db}</UniqueIdentifier>
    </Filter>
    <Filter Include="자료구조 및 기초 알고리즘\8.코테실전문제%28Array/Strings%29">
      <UniqueIdentifier>{52092295-d67a-4448-ac30-e924ec423dd4}</UniqueIdentifier>
    </Filter>
    <Filter Include="자료구조 및 기초 알고리즘\LV20 DFS/BFS 경로 탐색, 최소 여행비용">
      <UniqueIdentifier>{2ef0d214-82c4-4ecc-a511-cfb1bce35a26}</UniqueIdentifier>
    </Filter>
    <Filter Include="고급알고리즘">
      <UniqueIdentifier>{a6e85c46-6cf9-458e-8d9f-f6bc4171cf43}</UniqueIdentifier>
    </Filter>
    <Filter Include="고급알고리즘\01 Time,Sapce Complexity">
      <UniqueIdentifier>{a2aa65c9-96d2-470e-93f6-dec8937950a7}</UniqueIdentifier>
    </Filter>
    <Filter Include="고급알고리즘\02 STL Summary">
      <UniqueIdentifier>{600ff05f-52a2-48be-ab15-2e170123682f}</UniqueIdentifier>
    </Filter>
    <Filter Include="자료구조 및 기초 알고리즘\9.코딩테스트 준비문제 %28설계%29 %28Coding Test Prep- Design%29">
      <UniqueIdentifier>{b2cf97e7-0730-4b76-afaf-6467f73f2901}</UniqueIdentifier>
    </Filter>
    <Filter Include="자료구조 및 기초 알고리즘\10.코딩테스트 실전 문제 %28설계%29 %28Coding Test- Design%29">
      <UniqueIdentifier>{1dc38909-138b-4bd3-9806-2370a88f158d}</UniqueIdentifier>
    </Filter>
    <Filter Include="고급알고리즘\03.BinarySearchTree,UnionFind">
      <UniqueIdentifier>{05f7ac42-2e5a-486a-8207-abbf3386f15b}</UniqueIdentifier>
    </Filter>
    <Filter Include="고급알고리즘\04.MinMaxHeap,BinarySearch">
      <UniqueIdentifier>{26578989-ef09-423d-b2d2-858c2e283e39}</UniqueIdentifier>
    </Filter>
  </ItemGroup>
  <ItemGroup>
    <ClInclude Include="resource.h" />
    <ClInclude Include="Data Structures and Basic Algorithms\LV05 Direct Adressing Table, Hash Table, Spot the pattern\22Time.h">
      <Filter>자료구조 및 기초 알고리즘\LV05 Direct Adressing Table, Hash Table, 패턴찾기</Filter>
    </ClInclude>
    <ClInclude Include="Data Structures and Basic Algorithms\LV14 Dynamic Allocation, Linked List Functions\listClass.h">
      <Filter>자료구조 및 기초 알고리즘\LV14 동적할당, 링크드리스트 함수화</Filter>
    </ClInclude>
    <ClInclude Include="Data Structures and Basic Algorithms\LV14 Dynamic Allocation, Linked List Functions\listCalss2.h">
      <Filter>자료구조 및 기초 알고리즘\LV14 동적할당, 링크드리스트 함수화</Filter>
    </ClInclude>
    <ClInclude Include="Data Structures and Basic Algorithms\LV14 Dynamic Allocation, Linked List Functions\list.h">
      <Filter>자료구조 및 기초 알고리즘\LV14 동적할당, 링크드리스트 함수화</Filter>
    </ClInclude>
    <ClInclude Include="Data Structures and Basic Algorithms\4. Coding Test TPreparation Problems (Linked List)\LinkedList.h">
      <Filter>자료구조 및 기초 알고리즘\4.코테준비문제%28링크드 리스트%29</Filter>
    </ClInclude>
    <ClInclude Include="Data Structures and Basic Algorithms\5. Coding Test Specialised Problems (Linked List)\LinkedList.h">
      <Filter>자료구조 및 기초 알고리즘\5.코테실전문제%28링크드 리스트%29</Filter>
    </ClInclude>
    <ClInclude Include="Data Structures and Basic Algorithms\LV16 Stack, Queue\queue.h">
      <Filter>자료구조 및 기초 알고리즘\LV16 Stack, Queue</Filter>
    </ClInclude>
    <ClInclude Include="Data Structures and Basic Algorithms\LV16 Stack, Queue\vector.h">
      <Filter>자료구조 및 기초 알고리즘\LV16 Stack, Queue</Filter>
    </ClInclude>
    <ClInclude Include="Data Structures and Basic Algorithms\LV16 Stack, Queue\stack.h">
      <Filter>자료구조 및 기초 알고리즘\LV16 Stack, Queue</Filter>
    </ClInclude>
    <ClInclude Include="Data Structures and Basic Algorithms\LV16 Stack, Queue\queue_array.h">
      <Filter>자료구조 및 기초 알고리즘\LV16 Stack, Queue</Filter>
    </ClInclude>
  </ItemGroup>
  <ItemGroup>
    <ResourceCompile Include="Homework.rc" />
  </ItemGroup>
  <ItemGroup>
    <Image Include="Data Structures and Basic Algorithms\LV08 cstring, depth and breadth of recursive function calls\1.png">
      <Filter>자료구조 및 기초 알고리즘\LV08 cstring, 재귀함수 호출의 깊이와 너비</Filter>
    </Image>
    <Image Include="Data Structures and Basic Algorithms\LV08 cstring, depth and breadth of recursive function calls\3.png">
      <Filter>자료구조 및 기초 알고리즘\LV08 cstring, 재귀함수 호출의 깊이와 너비</Filter>
    </Image>
    <Image Include="Data Structures and Basic Algorithms\LV08 cstring, depth and breadth of recursive function calls\4.png">
      <Filter>자료구조 및 기초 알고리즘\LV08 cstring, 재귀함수 호출의 깊이와 너비</Filter>
    </Image>
    <Image Include="Data Structures and Basic Algorithms\LV08 cstring, depth and breadth of recursive function calls\6.png">
      <Filter>자료구조 및 기초 알고리즘\LV08 cstring, 재귀함수 호출의 깊이와 너비</Filter>
    </Image>
    <Image Include="Data Structures and Basic Algorithms\LV08 cstring, depth and breadth of recursive function calls\7.png">
      <Filter>자료구조 및 기초 알고리즘\LV08 cstring, 재귀함수 호출의 깊이와 너비</Filter>
    </Image>
    <Image Include="Data Structures and Basic Algorithms\LV08 cstring, depth and breadth of recursive function calls\8.png">
      <Filter>자료구조 및 기초 알고리즘\LV08 cstring, 재귀함수 호출의 깊이와 너비</Filter>
    </Image>
    <Image Include="Data Structures and Basic Algorithms\LV08 cstring, depth and breadth of recursive function calls\10.png">
      <Filter>자료구조 및 기초 알고리즘\LV08 cstring, 재귀함수 호출의 깊이와 너비</Filter>
    </Image>
    <Image Include="Data Structures and Basic Algorithms\LV08 cstring, depth and breadth of recursive function calls\11.png">
      <Filter>자료구조 및 기초 알고리즘\LV08 cstring, 재귀함수 호출의 깊이와 너비</Filter>
    </Image>
    <Image Include="Data Structures and Basic Algorithms\LV08 cstring, depth and breadth of recursive function calls\12.png">
      <Filter>자료구조 및 기초 알고리즘\LV08 cstring, 재귀함수 호출의 깊이와 너비</Filter>
    </Image>
    <Image Include="Data Structures and Basic Algorithms\LV08 cstring, depth and breadth of recursive function calls\13.png">
      <Filter>자료구조 및 기초 알고리즘\LV08 cstring, 재귀함수 호출의 깊이와 너비</Filter>
    </Image>
    <Image Include="Data Structures and Basic Algorithms\LV08 cstring, depth and breadth of recursive function calls\14.png">
      <Filter>자료구조 및 기초 알고리즘\LV08 cstring, 재귀함수 호출의 깊이와 너비</Filter>
    </Image>
    <Image Include="Data Structures and Basic Algorithms\LV07 Facts and Misconceptions about Recursive Functions\16.png">
      <Filter>자료구조 및 기초 알고리즘\LV07 재귀_함수에_대한_사실과_오해</Filter>
    </Image>
    <Image Include="Data Structures and Basic Algorithms\LV07 Facts and Misconceptions about Recursive Functions\17.png">
      <Filter>자료구조 및 기초 알고리즘\LV07 재귀_함수에_대한_사실과_오해</Filter>
    </Image>
    <Image Include="Data Structures and Basic Algorithms\LV07 Facts and Misconceptions about Recursive Functions\01.png">
      <Filter>자료구조 및 기초 알고리즘\LV07 재귀_함수에_대한_사실과_오해</Filter>
    </Image>
    <Image Include="Data Structures and Basic Algorithms\LV07 Facts and Misconceptions about Recursive Functions\2.png">
      <Filter>자료구조 및 기초 알고리즘\LV07 재귀_함수에_대한_사실과_오해</Filter>
    </Image>
    <Image Include="Data Structures and Basic Algorithms\LV07 Facts and Misconceptions about Recursive Functions\3.png">
      <Filter>자료구조 및 기초 알고리즘\LV07 재귀_함수에_대한_사실과_오해</Filter>
    </Image>
    <Image Include="Data Structures and Basic Algorithms\LV07 Facts and Misconceptions about Recursive Functions\4.png">
      <Filter>자료구조 및 기초 알고리즘\LV07 재귀_함수에_대한_사실과_오해</Filter>
    </Image>
    <Image Include="Data Structures and Basic Algorithms\LV07 Facts and Misconceptions about Recursive Functions\5.png">
      <Filter>자료구조 및 기초 알고리즘\LV07 재귀_함수에_대한_사실과_오해</Filter>
    </Image>
    <Image Include="Data Structures and Basic Algorithms\LV07 Facts and Misconceptions about Recursive Functions\6.png">
      <Filter>자료구조 및 기초 알고리즘\LV07 재귀_함수에_대한_사실과_오해</Filter>
    </Image>
    <Image Include="Data Structures and Basic Algorithms\LV07 Facts and Misconceptions about Recursive Functions\7.png">
      <Filter>자료구조 및 기초 알고리즘\LV07 재귀_함수에_대한_사실과_오해</Filter>
    </Image>
    <Image Include="Data Structures and Basic Algorithms\LV07 Facts and Misconceptions about Recursive Functions\8.png">
      <Filter>자료구조 및 기초 알고리즘\LV07 재귀_함수에_대한_사실과_오해</Filter>
    </Image>
    <Image Include="Data Structures and Basic Algorithms\LV07 Facts and Misconceptions about Recursive Functions\9.png">
      <Filter>자료구조 및 기초 알고리즘\LV07 재귀_함수에_대한_사실과_오해</Filter>
    </Image>
    <Image Include="Data Structures and Basic Algorithms\LV07 Facts and Misconceptions about Recursive Functions\10.png">
      <Filter>자료구조 및 기초 알고리즘\LV07 재귀_함수에_대한_사실과_오해</Filter>
    </Image>
    <Image Include="Data Structures and Basic Algorithms\LV07 Facts and Misconceptions about Recursive Functions\11.png">
      <Filter>자료구조 및 기초 알고리즘\LV07 재귀_함수에_대한_사실과_오해</Filter>
    </Image>
    <Image Include="Data Structures and Basic Algorithms\LV07 Facts and Misconceptions about Recursive Functions\13.png">
      <Filter>자료구조 및 기초 알고리즘\LV07 재귀_함수에_대한_사실과_오해</Filter>
    </Image>
    <Image Include="Data Structures and Basic Algorithms\LV07 Facts and Misconceptions about Recursive Functions\15.png">
      <Filter>자료구조 및 기초 알고리즘\LV07 재귀_함수에_대한_사실과_오해</Filter>
    </Image>
  </ItemGroup>
</Project>