<?xml version="1.0" encoding="utf-8"?>
<Project ToolsVersion="4.0" xmlns="http://schemas.microsoft.com/developer/msbuild/2003">
  <ItemGroup>
    <Filter Include="10.11PointerTypeValue">
      <UniqueIdentifier>{938777f1-bbbb-4d4e-bfa5-1480abcd5f46}</UniqueIdentifier>
    </Filter>
  </ItemGroup>
  <ItemGroup>
    <ClCompile Include="10,11.PointerTypeValue\01-return.cpp">
      <Filter>10.11PointerTypeValue</Filter>
    </ClCompile>
    <ClCompile Include="10,11.PointerTypeValue\02-FillInTheBlanks.cpp">
      <Filter>10.11PointerTypeValue</Filter>
    </ClCompile>
    <ClCompile Include="10,11.PointerTypeValue\03-PrintWithDifferentFonts.cpp">
      <Filter>10.11PointerTypeValue</Filter>
    </ClCompile>
    <ClCompile Include="10,11.PointerTypeValue\04-Pointer.cpp">
      <Filter>10.11PointerTypeValue</Filter>
    </ClCompile>
    <ClCompile Include="10,11.PointerTypeValue\05.Flag.cpp">
      <Filter>10.11PointerTypeValue</Filter>
    </ClCompile>
    <ClCompile Include="10,11.PointerTypeValue\06.minmax.cpp">
      <Filter>10.11PointerTypeValue</Filter>
    </ClCompile>
  </ItemGroup>
</Project>