<?xml version="1.0" encoding="utf-8"?>
<Project ToolsVersion="4.0" xmlns="http://schemas.microsoft.com/developer/msbuild/2003">
  <ItemGroup>
    <ClCompile Include="1.PointerTypeValue.cpp">
      <Filter>10-11Pointer</Filter>
    </ClCompile>
    <ClCompile Include="2.flag.cpp">
      <Filter>10-11Pointer</Filter>
    </ClCompile>
    <ClCompile Include="3.minmax.cpp">
      <Filter>10-11Pointer</Filter>
    </ClCompile>
    <ClCompile Include="1.Number.cpp">
      <Filter>12.Char</Filter>
    </ClCompile>
    <ClCompile Include="test.cpp">
      <Filter>12.Char</Filter>
    </ClCompile>
    <ClCompile Include="tt.cpp">
      <Filter>13.</Filter>
    </ClCompile>
  </ItemGroup>
  <ItemGroup>
    <Filter Include="10-11Pointer">
      <UniqueIdentifier>{c3d2feab-4f7e-4afd-b429-21f3045c8ed9}</UniqueIdentifier>
    </Filter>
    <Filter Include="12.Char">
      <UniqueIdentifier>{3ca8046e-0717-4883-917b-faae48308ac9}</UniqueIdentifier>
    </Filter>
    <Filter Include="13.">
      <UniqueIdentifier>{19789596-8e97-44ca-ad98-eb454ea8e7ca}</UniqueIdentifier>
    </Filter>
  </ItemGroup>
</Project>