<?xml version="1.0" encoding="utf-8"?>
<Project ToolsVersion="4.0" xmlns="http://schemas.microsoft.com/developer/msbuild/2003">
  <ItemGroup>
    <Filter Include="소스 파일">
      <UniqueIdentifier>{4FC737F1-C7A5-4376-A066-2A32D752A2FF}</UniqueIdentifier>
      <Extensions>cpp;c;cc;cxx;c++;cppm;ixx;def;odl;idl;hpj;bat;asm;asmx</Extensions>
    </Filter>
    <Filter Include="소스 파일\NewFilter1">
      <UniqueIdentifier>{16441ccd-d33f-4ca0-ae0b-8009fcc905ec}</UniqueIdentifier>
    </Filter>
    <Filter Include="LV03 Direct Adressing Table, Hash Table, 패턴찾기">
      <UniqueIdentifier>{c559d577-5c4c-4c3f-bb2b-1cee840d8e12}</UniqueIdentifier>
    </Filter>
    <Filter Include="LV04_Direct기법_2중_포인터_2차원_배열_패턴찾기">
      <UniqueIdentifier>{a14304b1-c429-4a39-9d98-6bfb8ab075ab}</UniqueIdentifier>
    </Filter>
    <Filter Include="LV09 재귀함수 탐색 순서">
      <UniqueIdentifier>{8b7f7732-2f2f-46ea-a764-34c3dfc6f9c7}</UniqueIdentifier>
    </Filter>
    <Filter Include="LV11 객체지향 프로그래밍 연습%28상속, 가상함수%29-part1">
      <UniqueIdentifier>{83571d4f-36e8-4784-ba92-4d1265388245}</UniqueIdentifier>
    </Filter>
    <Filter Include="LV12 객체지향 프로그래밍 연습%28상속, 가상함수%29-part2">
      <UniqueIdentifier>{eeb73e18-ddf1-49b7-a694-1bda612738e3}</UniqueIdentifier>
    </Filter>
    <Filter Include="LV13 포인터 복습, 구조체 포인터 변수">
      <UniqueIdentifier>{a0f53539-942b-4803-8868-ae87699c6fe5}</UniqueIdentifier>
    </Filter>
    <Filter Include="LV14 동적할당, 링크드리스트 함수화">
      <UniqueIdentifier>{829347fa-64c7-4ea9-bcc1-e034b7388e67}</UniqueIdentifier>
    </Filter>
    <Filter Include="LV15 템플릿, 리스트, 연산자 오버로딩">
      <UniqueIdentifier>{15b9326f-909e-4ece-abff-02f6d2094557}</UniqueIdentifier>
    </Filter>
    <Filter Include="LV16 String Class">
      <UniqueIdentifier>{46701c98-6af4-4460-9380-ebce1ae60584}</UniqueIdentifier>
    </Filter>
    <Filter Include="LV17 Implementing std::vector">
      <UniqueIdentifier>{628f587b-1922-4809-8a4f-56c1f343f55f}</UniqueIdentifier>
    </Filter>
  </ItemGroup>
  <ItemGroup>
    <None Include="클래스와구조체차이.md" />
  </ItemGroup>
  <ItemGroup>
    <ClCompile Include="1.cpp">
      <Filter>소스 파일\NewFilter1</Filter>
    </ClCompile>
    <ClCompile Include="2.cpp">
      <Filter>소스 파일\NewFilter1</Filter>
    </ClCompile>
    <ClCompile Include="3.cpp">
      <Filter>소스 파일\NewFilter1</Filter>
    </ClCompile>
    <ClCompile Include="4.cpp">
      <Filter>소스 파일\NewFilter1</Filter>
    </ClCompile>
    <ClCompile Include="5.cpp">
      <Filter>소스 파일\NewFilter1</Filter>
    </ClCompile>
    <ClCompile Include="6.cpp">
      <Filter>소스 파일\NewFilter1</Filter>
    </ClCompile>
    <ClCompile Include="7.cpp">
      <Filter>소스 파일\NewFilter1</Filter>
    </ClCompile>
    <ClCompile Include="8.cpp">
      <Filter>소스 파일\NewFilter1</Filter>
    </ClCompile>
    <ClCompile Include="ex)1.cpp">
      <Filter>소스 파일\NewFilter1</Filter>
    </ClCompile>
    <ClCompile Include="ex2.cpp">
      <Filter>소스 파일\NewFilter1</Filter>
    </ClCompile>
    <ClCompile Include="LV03 Direct Adressing Table,Hash Table, 패턴찾기\2.cpp">
      <Filter>LV03 Direct Adressing Table, Hash Table, 패턴찾기</Filter>
    </ClCompile>
    <ClCompile Include="LV03 Direct Adressing Table,Hash Table, 패턴찾기\1.cpp">
      <Filter>LV03 Direct Adressing Table, Hash Table, 패턴찾기</Filter>
    </ClCompile>
    <ClCompile Include="LV03 Direct Adressing Table,Hash Table, 패턴찾기\3.cpp">
      <Filter>LV03 Direct Adressing Table, Hash Table, 패턴찾기</Filter>
    </ClCompile>
    <ClCompile Include="LV03 Direct Adressing Table,Hash Table, 패턴찾기\4.cpp">
      <Filter>LV03 Direct Adressing Table, Hash Table, 패턴찾기</Filter>
    </ClCompile>
    <ClCompile Include="LV03 Direct Adressing Table,Hash Table, 패턴찾기\5.cpp">
      <Filter>LV04_Direct기법_2중_포인터_2차원_배열_패턴찾기</Filter>
    </ClCompile>
    <ClCompile Include="LV03 Direct Adressing Table,Hash Table, 패턴찾기\6.cpp">
      <Filter>LV04_Direct기법_2중_포인터_2차원_배열_패턴찾기</Filter>
    </ClCompile>
    <ClCompile Include="LV03 Direct Adressing Table,Hash Table, 패턴찾기\7.cpp">
      <Filter>LV04_Direct기법_2중_포인터_2차원_배열_패턴찾기</Filter>
    </ClCompile>
    <ClCompile Include="LV03 Direct Adressing Table,Hash Table, 패턴찾기\8.cpp">
      <Filter>LV04_Direct기법_2중_포인터_2차원_배열_패턴찾기</Filter>
    </ClCompile>
    <ClCompile Include="LV04_Direct기법_2중_포인터_2차원_배열_패턴찾기\2.cpp">
      <Filter>LV04_Direct기법_2중_포인터_2차원_배열_패턴찾기</Filter>
    </ClCompile>
    <ClCompile Include="LV04_Direct기법_2중_포인터_2차원_배열_패턴찾기\3.cpp">
      <Filter>LV04_Direct기법_2중_포인터_2차원_배열_패턴찾기</Filter>
    </ClCompile>
    <ClCompile Include="LV04_Direct기법_2중_포인터_2차원_배열_패턴찾기\4.cpp">
      <Filter>LV04_Direct기법_2중_포인터_2차원_배열_패턴찾기</Filter>
    </ClCompile>
    <ClCompile Include="LV04_Direct기법_2중_포인터_2차원_배열_패턴찾기\1.cpp">
      <Filter>LV04_Direct기법_2중_포인터_2차원_배열_패턴찾기</Filter>
    </ClCompile>
    <ClCompile Include="새 폴더\1.cpp">
      <Filter>소스 파일</Filter>
    </ClCompile>
    <ClCompile Include="새 폴더\2.cpp">
      <Filter>소스 파일</Filter>
    </ClCompile>
    <ClCompile Include="새 폴더\3.cpp">
      <Filter>소스 파일</Filter>
    </ClCompile>
    <ClCompile Include="새 폴더\4.cpp">
      <Filter>소스 파일</Filter>
    </ClCompile>
    <ClCompile Include="새 폴더\5.cpp">
      <Filter>소스 파일</Filter>
    </ClCompile>
    <ClCompile Include="새 폴더\6.cpp">
      <Filter>소스 파일</Filter>
    </ClCompile>
    <ClCompile Include="새 폴더\7.cpp">
      <Filter>소스 파일</Filter>
    </ClCompile>
    <ClCompile Include="새 폴더 (2)\1.cpp">
      <Filter>LV09 재귀함수 탐색 순서</Filter>
    </ClCompile>
    <ClCompile Include="새 폴더 (2)\2.cpp">
      <Filter>LV09 재귀함수 탐색 순서</Filter>
    </ClCompile>
    <ClCompile Include="새 폴더 (2)\3N-Queen.cpp">
      <Filter>LV09 재귀함수 탐색 순서</Filter>
    </ClCompile>
    <ClCompile Include="새 폴더 (2)\4cpp.cpp">
      <Filter>LV09 재귀함수 탐색 순서</Filter>
    </ClCompile>
    <ClCompile Include="새 폴더 (2)\5.cpp">
      <Filter>LV09 재귀함수 탐색 순서</Filter>
    </ClCompile>
    <ClCompile Include="새 폴더 (2)\6.cpp">
      <Filter>LV09 재귀함수 탐색 순서</Filter>
    </ClCompile>
    <ClCompile Include="LV11 객체지향 프로그래밍 연습(상속, 가상함수)-part1\1.cpp">
      <Filter>LV11 객체지향 프로그래밍 연습%28상속, 가상함수%29-part1</Filter>
    </ClCompile>
    <ClCompile Include="LV11 객체지향 프로그래밍 연습(상속, 가상함수)-part1\2.cpp">
      <Filter>LV11 객체지향 프로그래밍 연습%28상속, 가상함수%29-part1</Filter>
    </ClCompile>
    <ClCompile Include="LV11 객체지향 프로그래밍 연습(상속, 가상함수)-part1\3.cpp">
      <Filter>LV11 객체지향 프로그래밍 연습%28상속, 가상함수%29-part1</Filter>
    </ClCompile>
    <ClCompile Include="LV11 객체지향 프로그래밍 연습(상속, 가상함수)-part1\4.cpp">
      <Filter>LV11 객체지향 프로그래밍 연습%28상속, 가상함수%29-part1</Filter>
    </ClCompile>
    <ClCompile Include="LV11 객체지향 프로그래밍 연습(상속, 가상함수)-part1\5.cpp">
      <Filter>LV11 객체지향 프로그래밍 연습%28상속, 가상함수%29-part1</Filter>
    </ClCompile>
    <ClCompile Include="새 폴더 %283%29\1.cpp">
      <Filter>LV12 객체지향 프로그래밍 연습%28상속, 가상함수%29-part2</Filter>
    </ClCompile>
    <ClCompile Include="LV13 Revision of Pointers, Pointer Variables to Structures\1.cpp">
      <Filter>LV13 포인터 복습, 구조체 포인터 변수</Filter>
    </ClCompile>
    <ClCompile Include="LV13 Revision of Pointers, Pointer Variables to Structures\2.cpp">
      <Filter>LV13 포인터 복습, 구조체 포인터 변수</Filter>
    </ClCompile>
    <ClCompile Include="LV14 Dynamic Allocation, Linked List Functions\1.cpp">
      <Filter>LV14 동적할당, 링크드리스트 함수화</Filter>
    </ClCompile>
    <ClCompile Include="LV14 Dynamic Allocation, Linked List Functions\2.cpp">
      <Filter>LV14 동적할당, 링크드리스트 함수화</Filter>
    </ClCompile>
    <ClCompile Include="LV14 Dynamic Allocation, Linked List Functions\3.cpp">
      <Filter>LV14 동적할당, 링크드리스트 함수화</Filter>
    </ClCompile>
    <ClCompile Include="LV14 Dynamic Allocation, Linked List Functions\4.cpp">
      <Filter>LV14 동적할당, 링크드리스트 함수화</Filter>
    </ClCompile>
    <ClCompile Include="LV15 Templates_Lists_Operator_Overloading\1.cpp">
      <Filter>LV15 템플릿, 리스트, 연산자 오버로딩</Filter>
    </ClCompile>
    <ClCompile Include="LV15 Templates_Lists_Operator_Overloading\2.cpp">
      <Filter>LV15 템플릿, 리스트, 연산자 오버로딩</Filter>
    </ClCompile>
    <ClCompile Include="LV16 String Class\1.cpp">
      <Filter>LV16 String Class</Filter>
    </ClCompile>
    <ClCompile Include="LV16 String Class\2.cpp">
      <Filter>LV16 String Class</Filter>
    </ClCompile>
    <ClCompile Include="LV16 String Class\3.cpp">
      <Filter>LV16 String Class</Filter>
    </ClCompile>
    <ClCompile Include="LV15 Templates_Lists_Operator_Overloading\ValueType.cpp">
      <Filter>LV15 템플릿, 리스트, 연산자 오버로딩</Filter>
    </ClCompile>
    <ClCompile Include="LV15 Templates_Lists_Operator_Overloading\Func.cpp">
      <Filter>LV15 템플릿, 리스트, 연산자 오버로딩</Filter>
    </ClCompile>
    <ClCompile Include="LV15 Templates_Lists_Operator_Overloading\ValueType2.cpp">
      <Filter>LV15 템플릿, 리스트, 연산자 오버로딩</Filter>
    </ClCompile>
    <ClCompile Include="LV15 Templates_Lists_Operator_Overloading\Func2.cpp">
      <Filter>LV15 템플릿, 리스트, 연산자 오버로딩</Filter>
    </ClCompile>
    <ClCompile Include="LV15 Templates_Lists_Operator_Overloading\Explicit.cpp">
      <Filter>LV15 템플릿, 리스트, 연산자 오버로딩</Filter>
    </ClCompile>
    <ClCompile Include="LV15 Templates_Lists_Operator_Overloading\Explicit2.cpp">
      <Filter>LV15 템플릿, 리스트, 연산자 오버로딩</Filter>
    </ClCompile>
    <ClCompile Include="LV15 Templates_Lists_Operator_Overloading\class2.cpp">
      <Filter>LV15 템플릿, 리스트, 연산자 오버로딩</Filter>
    </ClCompile>
    <ClCompile Include="LV15 Templates_Lists_Operator_Overloading\Class.cpp">
      <Filter>LV15 템플릿, 리스트, 연산자 오버로딩</Filter>
    </ClCompile>
    <ClCompile Include="LV15 Templates_Lists_Operator_Overloading\VariableArgument.cpp">
      <Filter>LV15 템플릿, 리스트, 연산자 오버로딩</Filter>
    </ClCompile>
    <ClCompile Include="LV15 Templates_Lists_Operator_Overloading\VariableArgument2.cpp">
      <Filter>LV15 템플릿, 리스트, 연산자 오버로딩</Filter>
    </ClCompile>
    <ClCompile Include="LV15 Templates_Lists_Operator_Overloading\FoldExpressions.cpp">
      <Filter>LV15 템플릿, 리스트, 연산자 오버로딩</Filter>
    </ClCompile>
    <ClCompile Include="LV15 Templates_Lists_Operator_Overloading\FoldExpressions2.cpp">
      <Filter>LV15 템플릿, 리스트, 연산자 오버로딩</Filter>
    </ClCompile>
    <ClCompile Include="LV15 Templates_Lists_Operator_Overloading\templateList.cpp">
      <Filter>LV15 템플릿, 리스트, 연산자 오버로딩</Filter>
    </ClCompile>
    <ClCompile Include="LV15 Templates_Lists_Operator_Overloading\templateList2.cpp">
      <Filter>LV15 템플릿, 리스트, 연산자 오버로딩</Filter>
    </ClCompile>
    <ClCompile Include="LV15 Templates_Lists_Operator_Overloading\OperatorOverloading.cpp">
      <Filter>LV15 템플릿, 리스트, 연산자 오버로딩</Filter>
    </ClCompile>
    <ClCompile Include="LV15 Templates_Lists_Operator_Overloading\OperatorOVerloading2.cpp">
      <Filter>LV15 템플릿, 리스트, 연산자 오버로딩</Filter>
    </ClCompile>
    <ClCompile Include="LV15 Templates_Lists_Operator_Overloading\ComplexOperatorOverloading.cpp">
      <Filter>LV15 템플릿, 리스트, 연산자 오버로딩</Filter>
    </ClCompile>
    <ClCompile Include="LV15 Templates_Lists_Operator_Overloading\ComplexOperatorOverloading2.cpp">
      <Filter>LV15 템플릿, 리스트, 연산자 오버로딩</Filter>
    </ClCompile>
    <ClCompile Include="LV16 String Class\string.cpp">
      <Filter>LV16 String Class</Filter>
    </ClCompile>
    <ClCompile Include="LV17 Implementing stdvector\vector.cpp">
      <Filter>LV17 Implementing std::vector</Filter>
    </ClCompile>
    <ClCompile Include="LV17 Implementing stdvector\vector2.cpp">
      <Filter>LV17 Implementing std::vector</Filter>
    </ClCompile>
  </ItemGroup>
</Project>