<?xml version="1.0" encoding="utf-8"?>
<Project ToolsVersion="4.0" xmlns="http://schemas.microsoft.com/developer/msbuild/2003">
  <ItemGroup>
    <Filter Include="소스 파일">
      <UniqueIdentifier>{4FC737F1-C7A5-4376-A066-2A32D752A2FF}</UniqueIdentifier>
      <Extensions>cpp;c;cc;cxx;c++;cppm;ixx;def;odl;idl;hpj;bat;asm;asmx</Extensions>
    </Filter>
    <Filter Include="소스 파일\NewFilter1">
      <UniqueIdentifier>{16441ccd-d33f-4ca0-ae0b-8009fcc905ec}</UniqueIdentifier>
    </Filter>
    <Filter Include="LV03 Direct Adressing Table, Hash Table, 패턴찾기">
      <UniqueIdentifier>{c559d577-5c4c-4c3f-bb2b-1cee840d8e12}</UniqueIdentifier>
    </Filter>
    <Filter Include="LV04_Direct기법_2중_포인터_2차원_배열_패턴찾기">
      <UniqueIdentifier>{a14304b1-c429-4a39-9d98-6bfb8ab075ab}</UniqueIdentifier>
    </Filter>
  </ItemGroup>
  <ItemGroup>
    <None Include="클래스와구조체차이.md" />
  </ItemGroup>
  <ItemGroup>
    <ClCompile Include="1.cpp">
      <Filter>소스 파일\NewFilter1</Filter>
    </ClCompile>
    <ClCompile Include="2.cpp">
      <Filter>소스 파일\NewFilter1</Filter>
    </ClCompile>
    <ClCompile Include="3.cpp">
      <Filter>소스 파일\NewFilter1</Filter>
    </ClCompile>
    <ClCompile Include="4.cpp">
      <Filter>소스 파일\NewFilter1</Filter>
    </ClCompile>
    <ClCompile Include="5.cpp">
      <Filter>소스 파일\NewFilter1</Filter>
    </ClCompile>
    <ClCompile Include="6.cpp">
      <Filter>소스 파일\NewFilter1</Filter>
    </ClCompile>
    <ClCompile Include="7.cpp">
      <Filter>소스 파일\NewFilter1</Filter>
    </ClCompile>
    <ClCompile Include="8.cpp">
      <Filter>소스 파일\NewFilter1</Filter>
    </ClCompile>
    <ClCompile Include="ex)1.cpp">
      <Filter>소스 파일\NewFilter1</Filter>
    </ClCompile>
    <ClCompile Include="ex2.cpp">
      <Filter>소스 파일\NewFilter1</Filter>
    </ClCompile>
    <ClCompile Include="LV03 Direct Adressing Table,Hash Table, 패턴찾기\2.cpp">
      <Filter>LV03 Direct Adressing Table, Hash Table, 패턴찾기</Filter>
    </ClCompile>
    <ClCompile Include="LV03 Direct Adressing Table,Hash Table, 패턴찾기\1.cpp">
      <Filter>LV03 Direct Adressing Table, Hash Table, 패턴찾기</Filter>
    </ClCompile>
    <ClCompile Include="LV03 Direct Adressing Table,Hash Table, 패턴찾기\3.cpp">
      <Filter>LV03 Direct Adressing Table, Hash Table, 패턴찾기</Filter>
    </ClCompile>
    <ClCompile Include="LV03 Direct Adressing Table,Hash Table, 패턴찾기\4.cpp">
      <Filter>LV03 Direct Adressing Table, Hash Table, 패턴찾기</Filter>
    </ClCompile>
    <ClCompile Include="LV03 Direct Adressing Table,Hash Table, 패턴찾기\5.cpp">
      <Filter>LV04_Direct기법_2중_포인터_2차원_배열_패턴찾기</Filter>
    </ClCompile>
    <ClCompile Include="LV03 Direct Adressing Table,Hash Table, 패턴찾기\6.cpp">
      <Filter>LV04_Direct기법_2중_포인터_2차원_배열_패턴찾기</Filter>
    </ClCompile>
    <ClCompile Include="LV03 Direct Adressing Table,Hash Table, 패턴찾기\7.cpp">
      <Filter>LV04_Direct기법_2중_포인터_2차원_배열_패턴찾기</Filter>
    </ClCompile>
    <ClCompile Include="LV03 Direct Adressing Table,Hash Table, 패턴찾기\8.cpp">
      <Filter>LV04_Direct기법_2중_포인터_2차원_배열_패턴찾기</Filter>
    </ClCompile>
    <ClCompile Include="LV04_Direct기법_2중_포인터_2차원_배열_패턴찾기\2.cpp">
      <Filter>LV04_Direct기법_2중_포인터_2차원_배열_패턴찾기</Filter>
    </ClCompile>
    <ClCompile Include="LV04_Direct기법_2중_포인터_2차원_배열_패턴찾기\3.cpp">
      <Filter>LV04_Direct기법_2중_포인터_2차원_배열_패턴찾기</Filter>
    </ClCompile>
    <ClCompile Include="LV04_Direct기법_2중_포인터_2차원_배열_패턴찾기\4.cpp">
      <Filter>LV04_Direct기법_2중_포인터_2차원_배열_패턴찾기</Filter>
    </ClCompile>
    <ClCompile Include="LV04_Direct기법_2중_포인터_2차원_배열_패턴찾기\1.cpp">
      <Filter>LV04_Direct기법_2중_포인터_2차원_배열_패턴찾기</Filter>
    </ClCompile>
  </ItemGroup>
</Project>